// !$*UTF8*$!
{
	archiveVersion = 1;
	classes = {
	};
	objectVersion = 46;
	objects = {

/* Begin PBXBuildFile section */
		2102C70419E1CF9F008E830A /* CameraController.swift in Sources */ = {isa = PBXBuildFile; fileRef = 2102C70319E1CF9F008E830A /* CameraController.swift */; };
		2102C70619E1D222008E830A /* Utilities2D.swift in Sources */ = {isa = PBXBuildFile; fileRef = 2102C70519E1D222008E830A /* Utilities2D.swift */; };
		2103B3601A11A4B600CCDCB9 /* Sky.fsh in Resources */ = {isa = PBXBuildFile; fileRef = 2103B35F1A11A4B600CCDCB9 /* Sky.fsh */; };
		2103B3641A11A74700CCDCB9 /* NHCSky.m in Sources */ = {isa = PBXBuildFile; fileRef = 2103B3631A11A74700CCDCB9 /* NHCSky.m */; };
		213218AC1A1ED80F00330E1F /* EnergyManager.swift in Sources */ = {isa = PBXBuildFile; fileRef = 213218AB1A1ED80F00330E1F /* EnergyManager.swift */; };
		213218AE1A1EDC7100330E1F /* EnergyHUD.swift in Sources */ = {isa = PBXBuildFile; fileRef = 213218AD1A1EDC7100330E1F /* EnergyHUD.swift */; };
		213218B01A1FB65100330E1F /* ScreamingManager.swift in Sources */ = {isa = PBXBuildFile; fileRef = 213218AF1A1FB65100330E1F /* ScreamingManager.swift */; };
		213218B51A1FE7F100330E1F /* sky.png in Resources */ = {isa = PBXBuildFile; fileRef = 213218B31A1FE7F100330E1F /* sky.png */; };
		213218B61A1FE7F100330E1F /* sky@2x.png in Resources */ = {isa = PBXBuildFile; fileRef = 213218B41A1FE7F100330E1F /* sky@2x.png */; };
		213218BC1A20E4EB00330E1F /* whale-death.atlas in Resources */ = {isa = PBXBuildFile; fileRef = 213218BB1A20E4EB00330E1F /* whale-death.atlas */; };
		213218C51A20F0E800330E1F /* WaterLayer_001.png in Resources */ = {isa = PBXBuildFile; fileRef = 213218BD1A20F0E800330E1F /* WaterLayer_001.png */; };
		213218C61A20F0E800330E1F /* WaterLayer_001@2x.png in Resources */ = {isa = PBXBuildFile; fileRef = 213218BE1A20F0E800330E1F /* WaterLayer_001@2x.png */; };
		213218C71A20F0E800330E1F /* WaterLayer_002.png in Resources */ = {isa = PBXBuildFile; fileRef = 213218BF1A20F0E800330E1F /* WaterLayer_002.png */; };
		213218C81A20F0E800330E1F /* WaterLayer_002@2x.png in Resources */ = {isa = PBXBuildFile; fileRef = 213218C01A20F0E800330E1F /* WaterLayer_002@2x.png */; };
		213218C91A20F0E800330E1F /* WaterLayer_003.png in Resources */ = {isa = PBXBuildFile; fileRef = 213218C11A20F0E800330E1F /* WaterLayer_003.png */; };
		213218CA1A20F0E800330E1F /* WaterLayer_003@2x.png in Resources */ = {isa = PBXBuildFile; fileRef = 213218C21A20F0E800330E1F /* WaterLayer_003@2x.png */; };
		213218CB1A20F0E800330E1F /* WaterLayer_004.png in Resources */ = {isa = PBXBuildFile; fileRef = 213218C31A20F0E800330E1F /* WaterLayer_004.png */; };
		213218CC1A20F0E800330E1F /* WaterLayer_004@2x.png in Resources */ = {isa = PBXBuildFile; fileRef = 213218C41A20F0E800330E1F /* WaterLayer_004@2x.png */; };
		213218CE1A20F40800330E1F /* City.swift in Sources */ = {isa = PBXBuildFile; fileRef = 213218CD1A20F40800330E1F /* City.swift */; };
		213218D11A20F59900330E1F /* City.png in Resources */ = {isa = PBXBuildFile; fileRef = 213218CF1A20F59900330E1F /* City.png */; };
		213218D21A20F59900330E1F /* City@2x.png in Resources */ = {isa = PBXBuildFile; fileRef = 213218D01A20F59900330E1F /* City@2x.png */; };
		213218D61A21031300330E1F /* SoundManager.m in Sources */ = {isa = PBXBuildFile; fileRef = 213218D51A21031300330E1F /* SoundManager.m */; };
		214CF8191A24DAD400204B63 /* whale_scream.mp3 in Resources */ = {isa = PBXBuildFile; fileRef = 214CF8181A24DAD400204B63 /* whale_scream.mp3 */; };
		216101EC1A0D178B000AA0AB /* InteractiveButton.swift in Sources */ = {isa = PBXBuildFile; fileRef = 216101EB1A0D178B000AA0AB /* InteractiveButton.swift */; };
		216B93981A186729000F4D2D /* NORLabelNode.m in Sources */ = {isa = PBXBuildFile; fileRef = 216B93971A186729000F4D2D /* NORLabelNode.m */; };
		217072631A1EB5C700D0CFC8 /* whale_orca.json in Resources */ = {isa = PBXBuildFile; fileRef = 217072621A1EB5C700D0CFC8 /* whale_orca.json */; };
		21A4C5081A230C9B00E966D6 /* whale_bow_death.atlas in Resources */ = {isa = PBXBuildFile; fileRef = 21A4C5071A230C9B00E966D6 /* whale_bow_death.atlas */; };
		21A4C5131A24561600E966D6 /* energy_collect.wav in Resources */ = {isa = PBXBuildFile; fileRef = 21A4C5091A24561600E966D6 /* energy_collect.wav */; };
		21A4C5141A24561600E966D6 /* enter_water.wav in Resources */ = {isa = PBXBuildFile; fileRef = 21A4C50A1A24561600E966D6 /* enter_water.wav */; };
		21A4C5151A24561600E966D6 /* exit_water.wav in Resources */ = {isa = PBXBuildFile; fileRef = 21A4C50B1A24561600E966D6 /* exit_water.wav */; };
		21A4C5161A24561600E966D6 /* fireplace.wav in Resources */ = {isa = PBXBuildFile; fileRef = 21A4C50C1A24561600E966D6 /* fireplace.wav */; };
		21A4C5171A24561600E966D6 /* open_exposed_nodes.wav in Resources */ = {isa = PBXBuildFile; fileRef = 21A4C50D1A24561600E966D6 /* open_exposed_nodes.wav */; };
		21A4C5181A24561600E966D6 /* lock_on.wav in Resources */ = {isa = PBXBuildFile; fileRef = 21A4C50E1A24561600E966D6 /* lock_on.wav */; };
		21A4C5191A24561600E966D6 /* pick_text.wav in Resources */ = {isa = PBXBuildFile; fileRef = 21A4C50F1A24561600E966D6 /* pick_text.wav */; };
		21A4C51A1A24561600E966D6 /* reticle_zoom_in.wav in Resources */ = {isa = PBXBuildFile; fileRef = 21A4C5101A24561600E966D6 /* reticle_zoom_in.wav */; };
		21A4C51B1A24561600E966D6 /* reticle_zoom_out.wav in Resources */ = {isa = PBXBuildFile; fileRef = 21A4C5111A24561600E966D6 /* reticle_zoom_out.wav */; };
		21A4C51E1A24678300E966D6 /* waves.wav in Resources */ = {isa = PBXBuildFile; fileRef = 21A4C51D1A24678300E966D6 /* waves.wav */; };
		21A4C5201A24689A00E966D6 /* shoot_missile.wav in Resources */ = {isa = PBXBuildFile; fileRef = 21A4C51F1A24689A00E966D6 /* shoot_missile.wav */; };
		21AEC7411A1D99AB0052F53F /* dad_work.atlas in Resources */ = {isa = PBXBuildFile; fileRef = 21AEC7401A1D99AB0052F53F /* dad_work.atlas */; };
		21AEC7491A1DB3B30052F53F /* whale_orca.atlas in Resources */ = {isa = PBXBuildFile; fileRef = 21AEC7481A1DB3B30052F53F /* whale_orca.atlas */; };
		21B2E7B819F1E20200000E70 /* House.swift in Sources */ = {isa = PBXBuildFile; fileRef = 21B2E7B719F1E20200000E70 /* House.swift */; };
		21B2E7BC19F46C5E00000E70 /* Character.swift in Sources */ = {isa = PBXBuildFile; fileRef = 21B2E7BB19F46C5E00000E70 /* Character.swift */; };
		21B2E7BF19F5A17000000E70 /* Button.swift in Sources */ = {isa = PBXBuildFile; fileRef = 21B2E7BE19F5A17000000E70 /* Button.swift */; };
		21B5AF7619CF8D17004B00C9 /* AppDelegate.swift in Sources */ = {isa = PBXBuildFile; fileRef = 21B5AF7519CF8D17004B00C9 /* AppDelegate.swift */; };
		21B5AF7819CF8D17004B00C9 /* HomeScene.sks in Resources */ = {isa = PBXBuildFile; fileRef = 21B5AF7719CF8D17004B00C9 /* HomeScene.sks */; };
		21B5AF7A19CF8D17004B00C9 /* GameScene.swift in Sources */ = {isa = PBXBuildFile; fileRef = 21B5AF7919CF8D17004B00C9 /* GameScene.swift */; };
		21B5AF7C19CF8D17004B00C9 /* GameViewController.swift in Sources */ = {isa = PBXBuildFile; fileRef = 21B5AF7B19CF8D17004B00C9 /* GameViewController.swift */; };
		21B5AF7F19CF8D17004B00C9 /* Main.storyboard in Resources */ = {isa = PBXBuildFile; fileRef = 21B5AF7D19CF8D17004B00C9 /* Main.storyboard */; };
		21B5AF8119CF8D17004B00C9 /* Images.xcassets in Resources */ = {isa = PBXBuildFile; fileRef = 21B5AF8019CF8D17004B00C9 /* Images.xcassets */; };
		21B5AF8419CF8D17004B00C9 /* LaunchScreen.xib in Resources */ = {isa = PBXBuildFile; fileRef = 21B5AF8219CF8D17004B00C9 /* LaunchScreen.xib */; };
		21B5AF9019CF8D17004B00C9 /* wwShootProtoTests.swift in Sources */ = {isa = PBXBuildFile; fileRef = 21B5AF8F19CF8D17004B00C9 /* wwShootProtoTests.swift */; };
		21B5AF9A19CF8D80004B00C9 /* textures.atlas in Resources */ = {isa = PBXBuildFile; fileRef = 21B5AF9919CF8D80004B00C9 /* textures.atlas */; };
		21B7A46A19EB1E020023EAE9 /* HomeScene.swift in Sources */ = {isa = PBXBuildFile; fileRef = 21B7A46919EB1E020023EAE9 /* HomeScene.swift */; };
		21B7A46F19F058470023EAE9 /* LoadingScene.swift in Sources */ = {isa = PBXBuildFile; fileRef = 21B7A46E19F058470023EAE9 /* LoadingScene.swift */; };
		21BC587A1A2290580094DD81 /* Fire0.png in Resources */ = {isa = PBXBuildFile; fileRef = 21BC58701A2290580094DD81 /* Fire0.png */; };
		21BC587B1A2290580094DD81 /* Fire0@2x.png in Resources */ = {isa = PBXBuildFile; fileRef = 21BC58711A2290580094DD81 /* Fire0@2x.png */; };
		21BC587C1A2290580094DD81 /* Fire1.png in Resources */ = {isa = PBXBuildFile; fileRef = 21BC58721A2290580094DD81 /* Fire1.png */; };
		21BC587D1A2290580094DD81 /* Fire1@2x.png in Resources */ = {isa = PBXBuildFile; fileRef = 21BC58731A2290580094DD81 /* Fire1@2x.png */; };
		21BC587E1A2290580094DD81 /* Fire2.png in Resources */ = {isa = PBXBuildFile; fileRef = 21BC58741A2290580094DD81 /* Fire2.png */; };
		21BC587F1A2290580094DD81 /* Fire2@2x.png in Resources */ = {isa = PBXBuildFile; fileRef = 21BC58751A2290580094DD81 /* Fire2@2x.png */; };
		21BC58801A2290580094DD81 /* LighthouseHallway.png in Resources */ = {isa = PBXBuildFile; fileRef = 21BC58761A2290580094DD81 /* LighthouseHallway.png */; };
		21BC58811A2290580094DD81 /* LighthouseHallway@2x.png in Resources */ = {isa = PBXBuildFile; fileRef = 21BC58771A2290580094DD81 /* LighthouseHallway@2x.png */; };
		21BC58821A2290580094DD81 /* LighthouseRoom.png in Resources */ = {isa = PBXBuildFile; fileRef = 21BC58781A2290580094DD81 /* LighthouseRoom.png */; };
		21BC58831A2290580094DD81 /* LighthouseRoom@2x.png in Resources */ = {isa = PBXBuildFile; fileRef = 21BC58791A2290580094DD81 /* LighthouseRoom@2x.png */; };
		21BC58851A22A03E0094DD81 /* daughter_sit.json in Resources */ = {isa = PBXBuildFile; fileRef = 21BC58841A22A03E0094DD81 /* daughter_sit.json */; };
		21BC58871A22A0980094DD81 /* daughter_sit.atlas in Resources */ = {isa = PBXBuildFile; fileRef = 21BC58861A22A0980094DD81 /* daughter_sit.atlas */; };
		21BC58891A22AE240094DD81 /* dad_work.json in Resources */ = {isa = PBXBuildFile; fileRef = 21BC58881A22AE240094DD81 /* dad_work.json */; };
		21BC588C1A22D1930094DD81 /* LoadingScreen.png in Resources */ = {isa = PBXBuildFile; fileRef = 21BC588A1A22D1930094DD81 /* LoadingScreen.png */; };
		21BC588D1A22D1930094DD81 /* LoadingScreen@2x.png in Resources */ = {isa = PBXBuildFile; fileRef = 21BC588B1A22D1930094DD81 /* LoadingScreen@2x.png */; };
		21BC588F1A22E6A70094DD81 /* whale_bow.json in Resources */ = {isa = PBXBuildFile; fileRef = 21BC588E1A22E6A60094DD81 /* whale_bow.json */; };
		21BC58911A22E6BF0094DD81 /* whale_bow.atlas in Resources */ = {isa = PBXBuildFile; fileRef = 21BC58901A22E6BF0094DD81 /* whale_bow.atlas */; };
		21DFBFBD1A211C2700134AC0 /* well_explosion.wav in Resources */ = {isa = PBXBuildFile; fileRef = 21DFBFBC1A211C2700134AC0 /* well_explosion.wav */; };
		21DFBFC11A219DC900134AC0 /* TutorialScene.swift in Sources */ = {isa = PBXBuildFile; fileRef = 21DFBFC01A219DC900134AC0 /* TutorialScene.swift */; };
		21DFBFC31A219E6400134AC0 /* OrientationScene.swift in Sources */ = {isa = PBXBuildFile; fileRef = 21DFBFC21A219E6400134AC0 /* OrientationScene.swift */; };
		21DFBFC51A219FE300134AC0 /* dad_getup.atlas in Resources */ = {isa = PBXBuildFile; fileRef = 21DFBFC41A219FE300134AC0 /* dad_getup.atlas */; };
		21DFBFC71A2287F600134AC0 /* LighthouseScene.swift in Sources */ = {isa = PBXBuildFile; fileRef = 21DFBFC61A2287F600134AC0 /* LighthouseScene.swift */; };
		21DFBFD51A228B8000134AC0 /* dayOneFailOne.plist in Resources */ = {isa = PBXBuildFile; fileRef = 21DFBFD11A228B8000134AC0 /* dayOneFailOne.plist */; };
		21DFBFD61A228B8000134AC0 /* dayOneFailTwo.plist in Resources */ = {isa = PBXBuildFile; fileRef = 21DFBFD21A228B8000134AC0 /* dayOneFailTwo.plist */; };
		21DFBFD71A228B8000134AC0 /* dayOneSuccess.plist in Resources */ = {isa = PBXBuildFile; fileRef = 21DFBFD31A228B8000134AC0 /* dayOneSuccess.plist */; };
		21DFBFD81A228B8000134AC0 /* dayZero.plist in Resources */ = {isa = PBXBuildFile; fileRef = 21DFBFD41A228B8000134AC0 /* dayZero.plist */; };
		21E038DE1A1BAD8100EDC37E /* WhaleSpawnManager.swift in Sources */ = {isa = PBXBuildFile; fileRef = 21E038DD1A1BAD8100EDC37E /* WhaleSpawnManager.swift */; };
		21E038E01A1BC76000EDC37E /* IntroScene.swift in Sources */ = {isa = PBXBuildFile; fileRef = 21E038DF1A1BC76000EDC37E /* IntroScene.swift */; };
		21E3B6111A1910E800195D36 /* whale_explosion.wav in Resources */ = {isa = PBXBuildFile; fileRef = 21E3B6101A1910E800195D36 /* whale_explosion.wav */; };
		21E3B6151A191BE000195D36 /* Railing.swift in Sources */ = {isa = PBXBuildFile; fileRef = 21E3B6141A191BE000195D36 /* Railing.swift */; };
		21E3B6171A191C2500195D36 /* NHCCenteredParallaxNode.swift in Sources */ = {isa = PBXBuildFile; fileRef = 21E3B6161A191C2500195D36 /* NHCCenteredParallaxNode.swift */; };
		21E3B6191A191E3800195D36 /* Player.swift in Sources */ = {isa = PBXBuildFile; fileRef = 21E3B6181A191E3800195D36 /* Player.swift */; };
		21E3B61B1A191F8300195D36 /* Reticle.swift in Sources */ = {isa = PBXBuildFile; fileRef = 21E3B61A1A191F8300195D36 /* Reticle.swift */; };
		21E3B61D1A1921A700195D36 /* Water.swift in Sources */ = {isa = PBXBuildFile; fileRef = 21E3B61C1A1921A700195D36 /* Water.swift */; };
		21E3B61F1A19228C00195D36 /* Sun.swift in Sources */ = {isa = PBXBuildFile; fileRef = 21E3B61E1A19228C00195D36 /* Sun.swift */; };
		21E3B6311A1929ED00195D36 /* Background.swift in Sources */ = {isa = PBXBuildFile; fileRef = 21E3B6301A1929ED00195D36 /* Background.swift */; };
		21E3B6331A19904C00195D36 /* Whale.swift in Sources */ = {isa = PBXBuildFile; fileRef = 21E3B6321A19904C00195D36 /* Whale.swift */; };
		21E3B6351A19B37B00195D36 /* ParticleManager.swift in Sources */ = {isa = PBXBuildFile; fileRef = 21E3B6341A19B37B00195D36 /* ParticleManager.swift */; };
		21EA229C19FDEFA000A1E612 /* main.json in Resources */ = {isa = PBXBuildFile; fileRef = 21EA229B19FDEFA000A1E612 /* main.json */; };
		21EA22A319FEB34F00A1E612 /* Game.swift in Sources */ = {isa = PBXBuildFile; fileRef = 21EA22A219FEB34F00A1E612 /* Game.swift */; };
		21EA22A519FEC78200A1E612 /* AnimationManager.swift in Sources */ = {isa = PBXBuildFile; fileRef = 21EA22A419FEC78200A1E612 /* AnimationManager.swift */; };
		21EA22AD19FED98600A1E612 /* home_characters.plist in Resources */ = {isa = PBXBuildFile; fileRef = 21EA22AC19FED98600A1E612 /* home_characters.plist */; };
		21EA22D919FF001900A1E612 /* SGG_SkinSlot.m in Sources */ = {isa = PBXBuildFile; fileRef = 21EA22CB19FF001900A1E612 /* SGG_SkinSlot.m */; };
		21EA22DA19FF001900A1E612 /* SGG_SkinSprite.m in Sources */ = {isa = PBXBuildFile; fileRef = 21EA22CD19FF001900A1E612 /* SGG_SkinSprite.m */; };
		21EA22DB19FF001900A1E612 /* SGG_Spine.m in Sources */ = {isa = PBXBuildFile; fileRef = 21EA22CF19FF001900A1E612 /* SGG_Spine.m */; };
		21EA22DC19FF001900A1E612 /* SGG_SpineBone.m in Sources */ = {isa = PBXBuildFile; fileRef = 21EA22D119FF001900A1E612 /* SGG_SpineBone.m */; };
		21EA22DD19FF001900A1E612 /* SGG_SpineBoneAction.m in Sources */ = {isa = PBXBuildFile; fileRef = 21EA22D319FF001900A1E612 /* SGG_SpineBoneAction.m */; };
		21EA22DE19FF001900A1E612 /* SGG_SpineJSONTools.m in Sources */ = {isa = PBXBuildFile; fileRef = 21EA22D519FF001900A1E612 /* SGG_SpineJSONTools.m */; };
		21EA22DF19FF001900A1E612 /* SGG_SpineSkin.m in Sources */ = {isa = PBXBuildFile; fileRef = 21EA22D719FF001900A1E612 /* SGG_SpineSkin.m */; };
		21EA22E119FF1FAE00A1E612 /* TimeManager.swift in Sources */ = {isa = PBXBuildFile; fileRef = 21EA22E019FF1FAE00A1E612 /* TimeManager.swift */; };
		21EB818B1A0A5FC100C7525D /* dad.atlas in Resources */ = {isa = PBXBuildFile; fileRef = 21EB81891A0A5FC100C7525D /* dad.atlas */; };
		21EB818C1A0A5FC100C7525D /* dad.json in Resources */ = {isa = PBXBuildFile; fileRef = 21EB818A1A0A5FC100C7525D /* dad.json */; };
		21EB818F1A0A5FCB00C7525D /* daughter.atlas in Resources */ = {isa = PBXBuildFile; fileRef = 21EB818D1A0A5FCB00C7525D /* daughter.atlas */; };
		21EB81901A0A5FCB00C7525D /* daughter.json in Resources */ = {isa = PBXBuildFile; fileRef = 21EB818E1A0A5FCB00C7525D /* daughter.json */; };
		21EFBB6E19F70E310081C1C5 /* InteractionManager.swift in Sources */ = {isa = PBXBuildFile; fileRef = 21EFBB6D19F70E310081C1C5 /* InteractionManager.swift */; };
/* End PBXBuildFile section */

/* Begin PBXContainerItemProxy section */
		21B5AF8A19CF8D17004B00C9 /* PBXContainerItemProxy */ = {
			isa = PBXContainerItemProxy;
			containerPortal = 21B5AF6819CF8D17004B00C9 /* Project object */;
			proxyType = 1;
			remoteGlobalIDString = 21B5AF6F19CF8D17004B00C9;
			remoteInfo = wwShootProto;
		};
/* End PBXContainerItemProxy section */

/* Begin PBXFileReference section */
		2102C70319E1CF9F008E830A /* CameraController.swift */ = {isa = PBXFileReference; fileEncoding = 4; lastKnownFileType = sourcecode.swift; path = CameraController.swift; sourceTree = "<group>"; };
		2102C70519E1D222008E830A /* Utilities2D.swift */ = {isa = PBXFileReference; fileEncoding = 4; lastKnownFileType = sourcecode.swift; path = Utilities2D.swift; sourceTree = "<group>"; };
		2103B35F1A11A4B600CCDCB9 /* Sky.fsh */ = {isa = PBXFileReference; fileEncoding = 4; lastKnownFileType = sourcecode.glsl; path = Sky.fsh; sourceTree = "<group>"; };
		2103B3621A11A74700CCDCB9 /* NHCSky.h */ = {isa = PBXFileReference; fileEncoding = 4; lastKnownFileType = sourcecode.c.h; path = NHCSky.h; sourceTree = "<group>"; };
		2103B3631A11A74700CCDCB9 /* NHCSky.m */ = {isa = PBXFileReference; fileEncoding = 4; lastKnownFileType = sourcecode.c.objc; path = NHCSky.m; sourceTree = "<group>"; };
		213218AB1A1ED80F00330E1F /* EnergyManager.swift */ = {isa = PBXFileReference; fileEncoding = 4; lastKnownFileType = sourcecode.swift; path = EnergyManager.swift; sourceTree = "<group>"; };
		213218AD1A1EDC7100330E1F /* EnergyHUD.swift */ = {isa = PBXFileReference; fileEncoding = 4; lastKnownFileType = sourcecode.swift; name = EnergyHUD.swift; path = Entities/EnergyHUD.swift; sourceTree = "<group>"; };
		213218AF1A1FB65100330E1F /* ScreamingManager.swift */ = {isa = PBXFileReference; fileEncoding = 4; lastKnownFileType = sourcecode.swift; path = ScreamingManager.swift; sourceTree = "<group>"; };
		213218B31A1FE7F100330E1F /* sky.png */ = {isa = PBXFileReference; lastKnownFileType = image.png; path = sky.png; sourceTree = "<group>"; };
		213218B41A1FE7F100330E1F /* sky@2x.png */ = {isa = PBXFileReference; lastKnownFileType = image.png; path = "sky@2x.png"; sourceTree = "<group>"; };
		213218BB1A20E4EB00330E1F /* whale-death.atlas */ = {isa = PBXFileReference; lastKnownFileType = folder.skatlas; name = "whale-death.atlas"; path = "resources/whale_orca/whale-death.atlas"; sourceTree = SOURCE_ROOT; };
		213218BD1A20F0E800330E1F /* WaterLayer_001.png */ = {isa = PBXFileReference; lastKnownFileType = image.png; name = WaterLayer_001.png; path = Water/WaterLayer_001.png; sourceTree = "<group>"; };
		213218BE1A20F0E800330E1F /* WaterLayer_001@2x.png */ = {isa = PBXFileReference; lastKnownFileType = image.png; name = "WaterLayer_001@2x.png"; path = "Water/WaterLayer_001@2x.png"; sourceTree = "<group>"; };
		213218BF1A20F0E800330E1F /* WaterLayer_002.png */ = {isa = PBXFileReference; lastKnownFileType = image.png; name = WaterLayer_002.png; path = Water/WaterLayer_002.png; sourceTree = "<group>"; };
		213218C01A20F0E800330E1F /* WaterLayer_002@2x.png */ = {isa = PBXFileReference; lastKnownFileType = image.png; name = "WaterLayer_002@2x.png"; path = "Water/WaterLayer_002@2x.png"; sourceTree = "<group>"; };
		213218C11A20F0E800330E1F /* WaterLayer_003.png */ = {isa = PBXFileReference; lastKnownFileType = image.png; name = WaterLayer_003.png; path = Water/WaterLayer_003.png; sourceTree = "<group>"; };
		213218C21A20F0E800330E1F /* WaterLayer_003@2x.png */ = {isa = PBXFileReference; lastKnownFileType = image.png; name = "WaterLayer_003@2x.png"; path = "Water/WaterLayer_003@2x.png"; sourceTree = "<group>"; };
		213218C31A20F0E800330E1F /* WaterLayer_004.png */ = {isa = PBXFileReference; lastKnownFileType = image.png; name = WaterLayer_004.png; path = Water/WaterLayer_004.png; sourceTree = "<group>"; };
		213218C41A20F0E800330E1F /* WaterLayer_004@2x.png */ = {isa = PBXFileReference; lastKnownFileType = image.png; name = "WaterLayer_004@2x.png"; path = "Water/WaterLayer_004@2x.png"; sourceTree = "<group>"; };
		213218CD1A20F40800330E1F /* City.swift */ = {isa = PBXFileReference; fileEncoding = 4; lastKnownFileType = sourcecode.swift; path = City.swift; sourceTree = "<group>"; };
		213218CF1A20F59900330E1F /* City.png */ = {isa = PBXFileReference; lastKnownFileType = image.png; path = City.png; sourceTree = "<group>"; };
		213218D01A20F59900330E1F /* City@2x.png */ = {isa = PBXFileReference; lastKnownFileType = image.png; path = "City@2x.png"; sourceTree = "<group>"; };
		213218D41A21031300330E1F /* SoundManager.h */ = {isa = PBXFileReference; fileEncoding = 4; lastKnownFileType = sourcecode.c.h; path = SoundManager.h; sourceTree = "<group>"; };
		213218D51A21031300330E1F /* SoundManager.m */ = {isa = PBXFileReference; fileEncoding = 4; lastKnownFileType = sourcecode.c.objc; path = SoundManager.m; sourceTree = "<group>"; };
		2136D43019FDD31400DB07BD /* wwShootProto-Bridging-Header.h */ = {isa = PBXFileReference; lastKnownFileType = sourcecode.c.h; path = "wwShootProto-Bridging-Header.h"; sourceTree = "<group>"; };
		214CF8181A24DAD400204B63 /* whale_scream.mp3 */ = {isa = PBXFileReference; lastKnownFileType = audio.mp3; path = whale_scream.mp3; sourceTree = "<group>"; };
		216101EB1A0D178B000AA0AB /* InteractiveButton.swift */ = {isa = PBXFileReference; fileEncoding = 4; lastKnownFileType = sourcecode.swift; path = InteractiveButton.swift; sourceTree = "<group>"; };
		216B93961A186729000F4D2D /* NORLabelNode.h */ = {isa = PBXFileReference; fileEncoding = 4; lastKnownFileType = sourcecode.c.h; path = NORLabelNode.h; sourceTree = "<group>"; };
		216B93971A186729000F4D2D /* NORLabelNode.m */ = {isa = PBXFileReference; fileEncoding = 4; lastKnownFileType = sourcecode.c.objc; path = NORLabelNode.m; sourceTree = "<group>"; };
		217072621A1EB5C700D0CFC8 /* whale_orca.json */ = {isa = PBXFileReference; fileEncoding = 4; lastKnownFileType = text.json; name = whale_orca.json; path = resources/whale_orca/whale_orca.json; sourceTree = SOURCE_ROOT; };
		21A4C5071A230C9B00E966D6 /* whale_bow_death.atlas */ = {isa = PBXFileReference; lastKnownFileType = folder.skatlas; name = whale_bow_death.atlas; path = resources/whale_bow/whale_bow_death.atlas; sourceTree = SOURCE_ROOT; };
		21A4C5091A24561600E966D6 /* energy_collect.wav */ = {isa = PBXFileReference; lastKnownFileType = audio.wav; path = energy_collect.wav; sourceTree = "<group>"; };
		21A4C50A1A24561600E966D6 /* enter_water.wav */ = {isa = PBXFileReference; lastKnownFileType = audio.wav; path = enter_water.wav; sourceTree = "<group>"; };
		21A4C50B1A24561600E966D6 /* exit_water.wav */ = {isa = PBXFileReference; lastKnownFileType = audio.wav; path = exit_water.wav; sourceTree = "<group>"; };
		21A4C50C1A24561600E966D6 /* fireplace.wav */ = {isa = PBXFileReference; lastKnownFileType = audio.wav; path = fireplace.wav; sourceTree = "<group>"; };
		21A4C50D1A24561600E966D6 /* open_exposed_nodes.wav */ = {isa = PBXFileReference; lastKnownFileType = audio.wav; path = open_exposed_nodes.wav; sourceTree = "<group>"; };
		21A4C50E1A24561600E966D6 /* lock_on.wav */ = {isa = PBXFileReference; lastKnownFileType = audio.wav; path = lock_on.wav; sourceTree = "<group>"; };
		21A4C50F1A24561600E966D6 /* pick_text.wav */ = {isa = PBXFileReference; lastKnownFileType = audio.wav; path = pick_text.wav; sourceTree = "<group>"; };
		21A4C5101A24561600E966D6 /* reticle_zoom_in.wav */ = {isa = PBXFileReference; lastKnownFileType = audio.wav; path = reticle_zoom_in.wav; sourceTree = "<group>"; };
		21A4C5111A24561600E966D6 /* reticle_zoom_out.wav */ = {isa = PBXFileReference; lastKnownFileType = audio.wav; path = reticle_zoom_out.wav; sourceTree = "<group>"; };
		21A4C51D1A24678300E966D6 /* waves.wav */ = {isa = PBXFileReference; lastKnownFileType = audio.wav; path = waves.wav; sourceTree = "<group>"; };
		21A4C51F1A24689A00E966D6 /* shoot_missile.wav */ = {isa = PBXFileReference; lastKnownFileType = audio.wav; path = shoot_missile.wav; sourceTree = "<group>"; };
		21AEC7401A1D99AB0052F53F /* dad_work.atlas */ = {isa = PBXFileReference; lastKnownFileType = folder.skatlas; name = dad_work.atlas; path = resources/dad_work/dad_work.atlas; sourceTree = SOURCE_ROOT; };
		21AEC7481A1DB3B30052F53F /* whale_orca.atlas */ = {isa = PBXFileReference; lastKnownFileType = folder.skatlas; name = whale_orca.atlas; path = resources/whale_orca/whale_orca.atlas; sourceTree = SOURCE_ROOT; };
		21B2E7B719F1E20200000E70 /* House.swift */ = {isa = PBXFileReference; fileEncoding = 4; lastKnownFileType = sourcecode.swift; path = House.swift; sourceTree = "<group>"; };
		21B2E7BB19F46C5E00000E70 /* Character.swift */ = {isa = PBXFileReference; fileEncoding = 4; lastKnownFileType = sourcecode.swift; path = Character.swift; sourceTree = "<group>"; };
		21B2E7BE19F5A17000000E70 /* Button.swift */ = {isa = PBXFileReference; fileEncoding = 4; lastKnownFileType = sourcecode.swift; path = Button.swift; sourceTree = "<group>"; };
		21B5AF7019CF8D17004B00C9 /* wwShootProto.app */ = {isa = PBXFileReference; explicitFileType = wrapper.application; includeInIndex = 0; path = wwShootProto.app; sourceTree = BUILT_PRODUCTS_DIR; };
		21B5AF7419CF8D17004B00C9 /* Info.plist */ = {isa = PBXFileReference; lastKnownFileType = text.plist.xml; path = Info.plist; sourceTree = "<group>"; };
		21B5AF7519CF8D17004B00C9 /* AppDelegate.swift */ = {isa = PBXFileReference; lastKnownFileType = sourcecode.swift; path = AppDelegate.swift; sourceTree = "<group>"; };
		21B5AF7719CF8D17004B00C9 /* HomeScene.sks */ = {isa = PBXFileReference; lastKnownFileType = file.sks; path = HomeScene.sks; sourceTree = "<group>"; };
		21B5AF7919CF8D17004B00C9 /* GameScene.swift */ = {isa = PBXFileReference; lastKnownFileType = sourcecode.swift; path = GameScene.swift; sourceTree = "<group>"; };
		21B5AF7B19CF8D17004B00C9 /* GameViewController.swift */ = {isa = PBXFileReference; lastKnownFileType = sourcecode.swift; path = GameViewController.swift; sourceTree = "<group>"; };
		21B5AF7E19CF8D17004B00C9 /* Base */ = {isa = PBXFileReference; lastKnownFileType = file.storyboard; name = Base; path = Base.lproj/Main.storyboard; sourceTree = "<group>"; };
		21B5AF8019CF8D17004B00C9 /* Images.xcassets */ = {isa = PBXFileReference; lastKnownFileType = folder.assetcatalog; path = Images.xcassets; sourceTree = "<group>"; };
		21B5AF8319CF8D17004B00C9 /* Base */ = {isa = PBXFileReference; lastKnownFileType = file.xib; name = Base; path = Base.lproj/LaunchScreen.xib; sourceTree = "<group>"; };
		21B5AF8919CF8D17004B00C9 /* wwShootProtoTests.xctest */ = {isa = PBXFileReference; explicitFileType = wrapper.cfbundle; includeInIndex = 0; path = wwShootProtoTests.xctest; sourceTree = BUILT_PRODUCTS_DIR; };
		21B5AF8E19CF8D17004B00C9 /* Info.plist */ = {isa = PBXFileReference; lastKnownFileType = text.plist.xml; path = Info.plist; sourceTree = "<group>"; };
		21B5AF8F19CF8D17004B00C9 /* wwShootProtoTests.swift */ = {isa = PBXFileReference; lastKnownFileType = sourcecode.swift; path = wwShootProtoTests.swift; sourceTree = "<group>"; };
		21B5AF9919CF8D80004B00C9 /* textures.atlas */ = {isa = PBXFileReference; lastKnownFileType = folder.skatlas; name = textures.atlas; path = resources/textures.atlas; sourceTree = SOURCE_ROOT; };
		21B7A46919EB1E020023EAE9 /* HomeScene.swift */ = {isa = PBXFileReference; fileEncoding = 4; lastKnownFileType = sourcecode.swift; path = HomeScene.swift; sourceTree = "<group>"; };
		21B7A46E19F058470023EAE9 /* LoadingScene.swift */ = {isa = PBXFileReference; fileEncoding = 4; lastKnownFileType = sourcecode.swift; path = LoadingScene.swift; sourceTree = "<group>"; };
		21BC58701A2290580094DD81 /* Fire0.png */ = {isa = PBXFileReference; lastKnownFileType = image.png; path = Fire0.png; sourceTree = "<group>"; };
		21BC58711A2290580094DD81 /* Fire0@2x.png */ = {isa = PBXFileReference; lastKnownFileType = image.png; path = "Fire0@2x.png"; sourceTree = "<group>"; };
		21BC58721A2290580094DD81 /* Fire1.png */ = {isa = PBXFileReference; lastKnownFileType = image.png; path = Fire1.png; sourceTree = "<group>"; };
		21BC58731A2290580094DD81 /* Fire1@2x.png */ = {isa = PBXFileReference; lastKnownFileType = image.png; path = "Fire1@2x.png"; sourceTree = "<group>"; };
		21BC58741A2290580094DD81 /* Fire2.png */ = {isa = PBXFileReference; lastKnownFileType = image.png; path = Fire2.png; sourceTree = "<group>"; };
		21BC58751A2290580094DD81 /* Fire2@2x.png */ = {isa = PBXFileReference; lastKnownFileType = image.png; path = "Fire2@2x.png"; sourceTree = "<group>"; };
		21BC58761A2290580094DD81 /* LighthouseHallway.png */ = {isa = PBXFileReference; lastKnownFileType = image.png; path = LighthouseHallway.png; sourceTree = "<group>"; };
		21BC58771A2290580094DD81 /* LighthouseHallway@2x.png */ = {isa = PBXFileReference; lastKnownFileType = image.png; path = "LighthouseHallway@2x.png"; sourceTree = "<group>"; };
		21BC58781A2290580094DD81 /* LighthouseRoom.png */ = {isa = PBXFileReference; lastKnownFileType = image.png; path = LighthouseRoom.png; sourceTree = "<group>"; };
		21BC58791A2290580094DD81 /* LighthouseRoom@2x.png */ = {isa = PBXFileReference; lastKnownFileType = image.png; path = "LighthouseRoom@2x.png"; sourceTree = "<group>"; };
		21BC58841A22A03E0094DD81 /* daughter_sit.json */ = {isa = PBXFileReference; fileEncoding = 4; lastKnownFileType = text.json; name = daughter_sit.json; path = resources/daughter_sit/daughter_sit.json; sourceTree = SOURCE_ROOT; };
		21BC58861A22A0980094DD81 /* daughter_sit.atlas */ = {isa = PBXFileReference; lastKnownFileType = folder.skatlas; name = daughter_sit.atlas; path = resources/daughter_sit/daughter_sit.atlas; sourceTree = SOURCE_ROOT; };
		21BC58881A22AE240094DD81 /* dad_work.json */ = {isa = PBXFileReference; fileEncoding = 4; lastKnownFileType = text.json; name = dad_work.json; path = resources/dad_work/dad_work.json; sourceTree = SOURCE_ROOT; };
		21BC588A1A22D1930094DD81 /* LoadingScreen.png */ = {isa = PBXFileReference; lastKnownFileType = image.png; path = LoadingScreen.png; sourceTree = "<group>"; };
		21BC588B1A22D1930094DD81 /* LoadingScreen@2x.png */ = {isa = PBXFileReference; lastKnownFileType = image.png; path = "LoadingScreen@2x.png"; sourceTree = "<group>"; };
		21BC588E1A22E6A60094DD81 /* whale_bow.json */ = {isa = PBXFileReference; fileEncoding = 4; lastKnownFileType = text.json; name = whale_bow.json; path = resources/whale_bow/whale_bow.json; sourceTree = SOURCE_ROOT; };
		21BC58901A22E6BF0094DD81 /* whale_bow.atlas */ = {isa = PBXFileReference; lastKnownFileType = folder.skatlas; name = whale_bow.atlas; path = resources/whale_bow/whale_bow.atlas; sourceTree = SOURCE_ROOT; };
		21DFBFBC1A211C2700134AC0 /* well_explosion.wav */ = {isa = PBXFileReference; lastKnownFileType = audio.wav; path = well_explosion.wav; sourceTree = "<group>"; };
		21DFBFC01A219DC900134AC0 /* TutorialScene.swift */ = {isa = PBXFileReference; fileEncoding = 4; lastKnownFileType = sourcecode.swift; path = TutorialScene.swift; sourceTree = "<group>"; };
		21DFBFC21A219E6400134AC0 /* OrientationScene.swift */ = {isa = PBXFileReference; fileEncoding = 4; lastKnownFileType = sourcecode.swift; path = OrientationScene.swift; sourceTree = "<group>"; };
		21DFBFC41A219FE300134AC0 /* dad_getup.atlas */ = {isa = PBXFileReference; lastKnownFileType = folder.skatlas; name = dad_getup.atlas; path = resources/dad_work/dad_getup.atlas; sourceTree = SOURCE_ROOT; };
		21DFBFC61A2287F600134AC0 /* LighthouseScene.swift */ = {isa = PBXFileReference; fileEncoding = 4; lastKnownFileType = sourcecode.swift; path = LighthouseScene.swift; sourceTree = "<group>"; };
		21DFBFD11A228B8000134AC0 /* dayOneFailOne.plist */ = {isa = PBXFileReference; fileEncoding = 4; lastKnownFileType = text.plist.xml; path = dayOneFailOne.plist; sourceTree = "<group>"; };
		21DFBFD21A228B8000134AC0 /* dayOneFailTwo.plist */ = {isa = PBXFileReference; fileEncoding = 4; lastKnownFileType = text.plist.xml; path = dayOneFailTwo.plist; sourceTree = "<group>"; };
		21DFBFD31A228B8000134AC0 /* dayOneSuccess.plist */ = {isa = PBXFileReference; fileEncoding = 4; lastKnownFileType = text.plist.xml; path = dayOneSuccess.plist; sourceTree = "<group>"; };
		21DFBFD41A228B8000134AC0 /* dayZero.plist */ = {isa = PBXFileReference; fileEncoding = 4; lastKnownFileType = text.plist.xml; path = dayZero.plist; sourceTree = "<group>"; };
		21E038DD1A1BAD8100EDC37E /* WhaleSpawnManager.swift */ = {isa = PBXFileReference; fileEncoding = 4; lastKnownFileType = sourcecode.swift; path = WhaleSpawnManager.swift; sourceTree = "<group>"; };
		21E038DF1A1BC76000EDC37E /* IntroScene.swift */ = {isa = PBXFileReference; fileEncoding = 4; lastKnownFileType = sourcecode.swift; path = IntroScene.swift; sourceTree = "<group>"; };
		21E3B6101A1910E800195D36 /* whale_explosion.wav */ = {isa = PBXFileReference; lastKnownFileType = audio.wav; path = whale_explosion.wav; sourceTree = "<group>"; };
		21E3B6141A191BE000195D36 /* Railing.swift */ = {isa = PBXFileReference; fileEncoding = 4; lastKnownFileType = sourcecode.swift; name = Railing.swift; path = Entities/Railing.swift; sourceTree = "<group>"; };
		21E3B6161A191C2500195D36 /* NHCCenteredParallaxNode.swift */ = {isa = PBXFileReference; fileEncoding = 4; lastKnownFileType = sourcecode.swift; name = NHCCenteredParallaxNode.swift; path = Entities/NHCCenteredParallaxNode.swift; sourceTree = "<group>"; };
		21E3B6181A191E3800195D36 /* Player.swift */ = {isa = PBXFileReference; fileEncoding = 4; lastKnownFileType = sourcecode.swift; name = Player.swift; path = Entities/Player.swift; sourceTree = "<group>"; };
		21E3B61A1A191F8300195D36 /* Reticle.swift */ = {isa = PBXFileReference; fileEncoding = 4; lastKnownFileType = sourcecode.swift; name = Reticle.swift; path = Entities/Reticle.swift; sourceTree = "<group>"; };
		21E3B61C1A1921A700195D36 /* Water.swift */ = {isa = PBXFileReference; fileEncoding = 4; lastKnownFileType = sourcecode.swift; path = Water.swift; sourceTree = "<group>"; };
		21E3B61E1A19228C00195D36 /* Sun.swift */ = {isa = PBXFileReference; fileEncoding = 4; lastKnownFileType = sourcecode.swift; name = Sun.swift; path = Entities/Sun.swift; sourceTree = "<group>"; };
		21E3B6301A1929ED00195D36 /* Background.swift */ = {isa = PBXFileReference; fileEncoding = 4; lastKnownFileType = sourcecode.swift; name = Background.swift; path = Entities/Background.swift; sourceTree = "<group>"; };
		21E3B6321A19904C00195D36 /* Whale.swift */ = {isa = PBXFileReference; fileEncoding = 4; lastKnownFileType = sourcecode.swift; name = Whale.swift; path = Entities/Whale.swift; sourceTree = "<group>"; };
		21E3B6341A19B37B00195D36 /* ParticleManager.swift */ = {isa = PBXFileReference; fileEncoding = 4; lastKnownFileType = sourcecode.swift; name = ParticleManager.swift; path = Entities/ParticleManager.swift; sourceTree = "<group>"; };
		21EA229B19FDEFA000A1E612 /* main.json */ = {isa = PBXFileReference; fileEncoding = 4; lastKnownFileType = text.json; path = main.json; sourceTree = "<group>"; };
		21EA22A219FEB34F00A1E612 /* Game.swift */ = {isa = PBXFileReference; fileEncoding = 4; lastKnownFileType = sourcecode.swift; path = Game.swift; sourceTree = "<group>"; };
		21EA22A419FEC78200A1E612 /* AnimationManager.swift */ = {isa = PBXFileReference; fileEncoding = 4; lastKnownFileType = sourcecode.swift; path = AnimationManager.swift; sourceTree = "<group>"; };
		21EA22AC19FED98600A1E612 /* home_characters.plist */ = {isa = PBXFileReference; fileEncoding = 4; lastKnownFileType = text.plist.xml; name = home_characters.plist; path = loaders/home_characters.plist; sourceTree = "<group>"; };
		21EA22CA19FF001900A1E612 /* SGG_SkinSlot.h */ = {isa = PBXFileReference; fileEncoding = 4; lastKnownFileType = sourcecode.c.h; path = SGG_SkinSlot.h; sourceTree = "<group>"; };
		21EA22CB19FF001900A1E612 /* SGG_SkinSlot.m */ = {isa = PBXFileReference; fileEncoding = 4; lastKnownFileType = sourcecode.c.objc; path = SGG_SkinSlot.m; sourceTree = "<group>"; };
		21EA22CC19FF001900A1E612 /* SGG_SkinSprite.h */ = {isa = PBXFileReference; fileEncoding = 4; lastKnownFileType = sourcecode.c.h; path = SGG_SkinSprite.h; sourceTree = "<group>"; };
		21EA22CD19FF001900A1E612 /* SGG_SkinSprite.m */ = {isa = PBXFileReference; fileEncoding = 4; lastKnownFileType = sourcecode.c.objc; path = SGG_SkinSprite.m; sourceTree = "<group>"; };
		21EA22CE19FF001900A1E612 /* SGG_Spine.h */ = {isa = PBXFileReference; fileEncoding = 4; lastKnownFileType = sourcecode.c.h; path = SGG_Spine.h; sourceTree = "<group>"; };
		21EA22CF19FF001900A1E612 /* SGG_Spine.m */ = {isa = PBXFileReference; fileEncoding = 4; lastKnownFileType = sourcecode.c.objc; path = SGG_Spine.m; sourceTree = "<group>"; };
		21EA22D019FF001900A1E612 /* SGG_SpineBone.h */ = {isa = PBXFileReference; fileEncoding = 4; lastKnownFileType = sourcecode.c.h; path = SGG_SpineBone.h; sourceTree = "<group>"; };
		21EA22D119FF001900A1E612 /* SGG_SpineBone.m */ = {isa = PBXFileReference; fileEncoding = 4; lastKnownFileType = sourcecode.c.objc; path = SGG_SpineBone.m; sourceTree = "<group>"; };
		21EA22D219FF001900A1E612 /* SGG_SpineBoneAction.h */ = {isa = PBXFileReference; fileEncoding = 4; lastKnownFileType = sourcecode.c.h; path = SGG_SpineBoneAction.h; sourceTree = "<group>"; };
		21EA22D319FF001900A1E612 /* SGG_SpineBoneAction.m */ = {isa = PBXFileReference; fileEncoding = 4; lastKnownFileType = sourcecode.c.objc; path = SGG_SpineBoneAction.m; sourceTree = "<group>"; };
		21EA22D419FF001900A1E612 /* SGG_SpineJSONTools.h */ = {isa = PBXFileReference; fileEncoding = 4; lastKnownFileType = sourcecode.c.h; path = SGG_SpineJSONTools.h; sourceTree = "<group>"; };
		21EA22D519FF001900A1E612 /* SGG_SpineJSONTools.m */ = {isa = PBXFileReference; fileEncoding = 4; lastKnownFileType = sourcecode.c.objc; path = SGG_SpineJSONTools.m; sourceTree = "<group>"; };
		21EA22D619FF001900A1E612 /* SGG_SpineSkin.h */ = {isa = PBXFileReference; fileEncoding = 4; lastKnownFileType = sourcecode.c.h; path = SGG_SpineSkin.h; sourceTree = "<group>"; };
		21EA22D719FF001900A1E612 /* SGG_SpineSkin.m */ = {isa = PBXFileReference; fileEncoding = 4; lastKnownFileType = sourcecode.c.objc; path = SGG_SpineSkin.m; sourceTree = "<group>"; };
		21EA22D819FF001900A1E612 /* SpineImport.h */ = {isa = PBXFileReference; fileEncoding = 4; lastKnownFileType = sourcecode.c.h; path = SpineImport.h; sourceTree = "<group>"; };
		21EA22E019FF1FAE00A1E612 /* TimeManager.swift */ = {isa = PBXFileReference; fileEncoding = 4; lastKnownFileType = sourcecode.swift; name = TimeManager.swift; path = wwShootProto/TimeManager.swift; sourceTree = SOURCE_ROOT; };
		21EB81891A0A5FC100C7525D /* dad.atlas */ = {isa = PBXFileReference; lastKnownFileType = folder.skatlas; name = dad.atlas; path = resources/dad/dad.atlas; sourceTree = SOURCE_ROOT; };
		21EB818A1A0A5FC100C7525D /* dad.json */ = {isa = PBXFileReference; fileEncoding = 4; lastKnownFileType = text.json; name = dad.json; path = resources/dad/dad.json; sourceTree = SOURCE_ROOT; };
		21EB818D1A0A5FCB00C7525D /* daughter.atlas */ = {isa = PBXFileReference; lastKnownFileType = folder.skatlas; name = daughter.atlas; path = resources/daughter/daughter.atlas; sourceTree = SOURCE_ROOT; };
		21EB818E1A0A5FCB00C7525D /* daughter.json */ = {isa = PBXFileReference; fileEncoding = 4; lastKnownFileType = text.json; name = daughter.json; path = resources/daughter/daughter.json; sourceTree = SOURCE_ROOT; };
		21EFBB6D19F70E310081C1C5 /* InteractionManager.swift */ = {isa = PBXFileReference; fileEncoding = 4; lastKnownFileType = sourcecode.swift; path = InteractionManager.swift; sourceTree = "<group>"; };
/* End PBXFileReference section */

/* Begin PBXFrameworksBuildPhase section */
		21B5AF6D19CF8D17004B00C9 /* Frameworks */ = {
			isa = PBXFrameworksBuildPhase;
			buildActionMask = 2147483647;
			files = (
			);
			runOnlyForDeploymentPostprocessing = 0;
		};
		21B5AF8619CF8D17004B00C9 /* Frameworks */ = {
			isa = PBXFrameworksBuildPhase;
			buildActionMask = 2147483647;
			files = (
			);
			runOnlyForDeploymentPostprocessing = 0;
		};
/* End PBXFrameworksBuildPhase section */

/* Begin PBXGroup section */
		2102C6EB19E1CF25008E830A /* Utilities */ = {
			isa = PBXGroup;
			children = (
				2102C70319E1CF9F008E830A /* CameraController.swift */,
				2102C70519E1D222008E830A /* Utilities2D.swift */,
				21B2E7BE19F5A17000000E70 /* Button.swift */,
				21E3B6161A191C2500195D36 /* NHCCenteredParallaxNode.swift */,
			);
			name = Utilities;
			sourceTree = "<group>";
		};
		2103B35D1A11A3A700CCDCB9 /* Shaders */ = {
			isa = PBXGroup;
			children = (
				2103B35F1A11A4B600CCDCB9 /* Sky.fsh */,
			);
			name = Shaders;
			sourceTree = "<group>";
		};
		2103B3611A11A70500CCDCB9 /* Sky */ = {
			isa = PBXGroup;
			children = (
				2103B3621A11A74700CCDCB9 /* NHCSky.h */,
				2103B3631A11A74700CCDCB9 /* NHCSky.m */,
			);
			name = Sky;
			sourceTree = "<group>";
		};
		213218D31A21031300330E1F /* SoundManager */ = {
			isa = PBXGroup;
			children = (
				213218D41A21031300330E1F /* SoundManager.h */,
				213218D51A21031300330E1F /* SoundManager.m */,
			);
			path = SoundManager;
			sourceTree = "<group>";
		};
		216101EA1A0D1667000AA0AB /* Interactions */ = {
			isa = PBXGroup;
			children = (
				21EFBB6D19F70E310081C1C5 /* InteractionManager.swift */,
				216101EB1A0D178B000AA0AB /* InteractiveButton.swift */,
			);
			name = Interactions;
			sourceTree = "<group>";
		};
		216B938A1A18038A000F4D2D /* External Code */ = {
			isa = PBXGroup;
			children = (
				213218D31A21031300330E1F /* SoundManager */,
				216B93951A18671A000F4D2D /* NORLabelNode */,
				21EA22C919FF001900A1E612 /* SpineImporter */,
			);
			name = "External Code";
			sourceTree = "<group>";
		};
		216B93951A18671A000F4D2D /* NORLabelNode */ = {
			isa = PBXGroup;
			children = (
				216B93961A186729000F4D2D /* NORLabelNode.h */,
				216B93971A186729000F4D2D /* NORLabelNode.m */,
			);
			name = NORLabelNode;
			sourceTree = "<group>";
		};
		21B2E7B619F1E1EA00000E70 /* Home */ = {
			isa = PBXGroup;
			children = (
				21B2E7B719F1E20200000E70 /* House.swift */,
			);
			name = Home;
			sourceTree = "<group>";
		};
		21B2E7B919F46C2500000E70 /* Work */ = {
			isa = PBXGroup;
			children = (
				21E3B6321A19904C00195D36 /* Whale.swift */,
				21E3B6141A191BE000195D36 /* Railing.swift */,
				21E3B6181A191E3800195D36 /* Player.swift */,
				21E3B61A1A191F8300195D36 /* Reticle.swift */,
				213218AD1A1EDC7100330E1F /* EnergyHUD.swift */,
				21E3B61C1A1921A700195D36 /* Water.swift */,
				21E3B61E1A19228C00195D36 /* Sun.swift */,
				21E3B6301A1929ED00195D36 /* Background.swift */,
				21E3B6341A19B37B00195D36 /* ParticleManager.swift */,
				213218CD1A20F40800330E1F /* City.swift */,
			);
			name = Work;
			sourceTree = "<group>";
		};
		21B2E7BA19F46C3600000E70 /* Characters */ = {
			isa = PBXGroup;
			children = (
				21B2E7BB19F46C5E00000E70 /* Character.swift */,
			);
			name = Characters;
			sourceTree = "<group>";
		};
		21B5AF6719CF8D17004B00C9 = {
			isa = PBXGroup;
			children = (
				21B5AF7219CF8D17004B00C9 /* wwShootProto */,
				21B5AF8C19CF8D17004B00C9 /* wwShootProtoTests */,
				21B5AF7119CF8D17004B00C9 /* Products */,
			);
			sourceTree = "<group>";
		};
		21B5AF7119CF8D17004B00C9 /* Products */ = {
			isa = PBXGroup;
			children = (
				21B5AF7019CF8D17004B00C9 /* wwShootProto.app */,
				21B5AF8919CF8D17004B00C9 /* wwShootProtoTests.xctest */,
			);
			name = Products;
			sourceTree = "<group>";
		};
		21B5AF7219CF8D17004B00C9 /* wwShootProto */ = {
			isa = PBXGroup;
			children = (
				21B5AF9B19CF92E9004B00C9 /* Game */,
				21B5AF7319CF8D17004B00C9 /* Supporting Files */,
			);
			path = wwShootProto;
			sourceTree = "<group>";
		};
		21B5AF7319CF8D17004B00C9 /* Supporting Files */ = {
			isa = PBXGroup;
			children = (
				21E3B60C1A190F7B00195D36 /* Sound */,
				216B938A1A18038A000F4D2D /* External Code */,
				21EA22A119FDFBB300A1E612 /* Project Files */,
				21EA229019FDEE5200A1E612 /* data */,
				2103B35D1A11A3A700CCDCB9 /* Shaders */,
				21BC586F1A2290580094DD81 /* LighthouseImages */,
				21B7A46B19F0516E0023EAE9 /* additional images */,
				21B5AF9919CF8D80004B00C9 /* textures.atlas */,
				21EB818D1A0A5FCB00C7525D /* daughter.atlas */,
				21BC58861A22A0980094DD81 /* daughter_sit.atlas */,
				21EB81891A0A5FC100C7525D /* dad.atlas */,
				21AEC7401A1D99AB0052F53F /* dad_work.atlas */,
				21DFBFC41A219FE300134AC0 /* dad_getup.atlas */,
				21AEC7481A1DB3B30052F53F /* whale_orca.atlas */,
				21BC58901A22E6BF0094DD81 /* whale_bow.atlas */,
				21A4C5071A230C9B00E966D6 /* whale_bow_death.atlas */,
				213218BB1A20E4EB00330E1F /* whale-death.atlas */,
			);
			name = "Supporting Files";
			sourceTree = "<group>";
		};
		21B5AF8C19CF8D17004B00C9 /* wwShootProtoTests */ = {
			isa = PBXGroup;
			children = (
				21B5AF8F19CF8D17004B00C9 /* wwShootProtoTests.swift */,
				21B5AF8D19CF8D17004B00C9 /* Supporting Files */,
			);
			path = wwShootProtoTests;
			sourceTree = "<group>";
		};
		21B5AF8D19CF8D17004B00C9 /* Supporting Files */ = {
			isa = PBXGroup;
			children = (
				21B5AF8E19CF8D17004B00C9 /* Info.plist */,
			);
			name = "Supporting Files";
			sourceTree = "<group>";
		};
		21B5AF9B19CF92E9004B00C9 /* Game */ = {
			isa = PBXGroup;
			children = (
				21EFBB6C19F70C810081C1C5 /* Systems */,
				2102C6EB19E1CF25008E830A /* Utilities */,
				21B5AF9D19CF9322004B00C9 /* Entities */,
				21B5AF9C19CF92F4004B00C9 /* Scenes */,
			);
			name = Game;
			sourceTree = "<group>";
		};
		21B5AF9C19CF92F4004B00C9 /* Scenes */ = {
			isa = PBXGroup;
			children = (
				21B7A46E19F058470023EAE9 /* LoadingScene.swift */,
				21DFBFC21A219E6400134AC0 /* OrientationScene.swift */,
				21DFBFC01A219DC900134AC0 /* TutorialScene.swift */,
				21B5AF7919CF8D17004B00C9 /* GameScene.swift */,
				21DFBFC61A2287F600134AC0 /* LighthouseScene.swift */,
				21DFBFC81A22884E00134AC0 /* old */,
			);
			name = Scenes;
			sourceTree = "<group>";
		};
		21B5AF9D19CF9322004B00C9 /* Entities */ = {
			isa = PBXGroup;
			children = (
				21B2E7BA19F46C3600000E70 /* Characters */,
				21B2E7B919F46C2500000E70 /* Work */,
				21B2E7B619F1E1EA00000E70 /* Home */,
			);
			name = Entities;
			sourceTree = "<group>";
		};
		21B7A46B19F0516E0023EAE9 /* additional images */ = {
			isa = PBXGroup;
			children = (
				21BC588A1A22D1930094DD81 /* LoadingScreen.png */,
				21BC588B1A22D1930094DD81 /* LoadingScreen@2x.png */,
				213218CF1A20F59900330E1F /* City.png */,
				213218D01A20F59900330E1F /* City@2x.png */,
				213218BD1A20F0E800330E1F /* WaterLayer_001.png */,
				213218BE1A20F0E800330E1F /* WaterLayer_001@2x.png */,
				213218BF1A20F0E800330E1F /* WaterLayer_002.png */,
				213218C01A20F0E800330E1F /* WaterLayer_002@2x.png */,
				213218C11A20F0E800330E1F /* WaterLayer_003.png */,
				213218C21A20F0E800330E1F /* WaterLayer_003@2x.png */,
				213218C31A20F0E800330E1F /* WaterLayer_004.png */,
				213218C41A20F0E800330E1F /* WaterLayer_004@2x.png */,
				213218B31A1FE7F100330E1F /* sky.png */,
				213218B41A1FE7F100330E1F /* sky@2x.png */,
			);
			name = "additional images";
			sourceTree = "<group>";
		};
		21BC586F1A2290580094DD81 /* LighthouseImages */ = {
			isa = PBXGroup;
			children = (
				21BC58701A2290580094DD81 /* Fire0.png */,
				21BC58711A2290580094DD81 /* Fire0@2x.png */,
				21BC58721A2290580094DD81 /* Fire1.png */,
				21BC58731A2290580094DD81 /* Fire1@2x.png */,
				21BC58741A2290580094DD81 /* Fire2.png */,
				21BC58751A2290580094DD81 /* Fire2@2x.png */,
				21BC58761A2290580094DD81 /* LighthouseHallway.png */,
				21BC58771A2290580094DD81 /* LighthouseHallway@2x.png */,
				21BC58781A2290580094DD81 /* LighthouseRoom.png */,
				21BC58791A2290580094DD81 /* LighthouseRoom@2x.png */,
			);
			path = LighthouseImages;
			sourceTree = "<group>";
		};
		21DFBFC81A22884E00134AC0 /* old */ = {
			isa = PBXGroup;
			children = (
				21B7A46919EB1E020023EAE9 /* HomeScene.swift */,
				21E038DF1A1BC76000EDC37E /* IntroScene.swift */,
			);
			name = old;
			sourceTree = "<group>";
		};
		21E3B60C1A190F7B00195D36 /* Sound */ = {
			isa = PBXGroup;
			children = (
				214CF8181A24DAD400204B63 /* whale_scream.mp3 */,
				21A4C51F1A24689A00E966D6 /* shoot_missile.wav */,
				21A4C51D1A24678300E966D6 /* waves.wav */,
				21A4C5091A24561600E966D6 /* energy_collect.wav */,
				21A4C50A1A24561600E966D6 /* enter_water.wav */,
				21A4C50B1A24561600E966D6 /* exit_water.wav */,
				21A4C50C1A24561600E966D6 /* fireplace.wav */,
				21A4C50D1A24561600E966D6 /* open_exposed_nodes.wav */,
				21A4C50E1A24561600E966D6 /* lock_on.wav */,
				21A4C50F1A24561600E966D6 /* pick_text.wav */,
				21A4C5101A24561600E966D6 /* reticle_zoom_in.wav */,
				21A4C5111A24561600E966D6 /* reticle_zoom_out.wav */,
				21DFBFBC1A211C2700134AC0 /* well_explosion.wav */,
				21E3B6101A1910E800195D36 /* whale_explosion.wav */,
			);
			path = Sound;
			sourceTree = "<group>";
		};
		21EA229019FDEE5200A1E612 /* data */ = {
			isa = PBXGroup;
			children = (
				21EA229119FDEE5200A1E612 /* animations */,
				21EA229319FDEE5200A1E612 /* interactions */,
			);
			path = data;
			sourceTree = "<group>";
		};
		21EA229119FDEE5200A1E612 /* animations */ = {
			isa = PBXGroup;
			children = (
				21EA22A719FED84B00A1E612 /* loaders */,
				21EA22A619FED83E00A1E612 /* sources */,
			);
			path = animations;
			sourceTree = "<group>";
		};
		21EA229319FDEE5200A1E612 /* interactions */ = {
			isa = PBXGroup;
			children = (
				21DFBFD11A228B8000134AC0 /* dayOneFailOne.plist */,
				21DFBFD21A228B8000134AC0 /* dayOneFailTwo.plist */,
				21DFBFD31A228B8000134AC0 /* dayOneSuccess.plist */,
				21DFBFD41A228B8000134AC0 /* dayZero.plist */,
			);
			path = interactions;
			sourceTree = "<group>";
		};
		21EA22A119FDFBB300A1E612 /* Project Files */ = {
			isa = PBXGroup;
			children = (
				21B5AF7419CF8D17004B00C9 /* Info.plist */,
				21B5AF7719CF8D17004B00C9 /* HomeScene.sks */,
				2136D43019FDD31400DB07BD /* wwShootProto-Bridging-Header.h */,
				21B5AF7B19CF8D17004B00C9 /* GameViewController.swift */,
				21B5AF7519CF8D17004B00C9 /* AppDelegate.swift */,
				21B5AF7D19CF8D17004B00C9 /* Main.storyboard */,
				21B5AF8219CF8D17004B00C9 /* LaunchScreen.xib */,
				21B5AF8019CF8D17004B00C9 /* Images.xcassets */,
			);
			name = "Project Files";
			sourceTree = "<group>";
		};
		21EA22A619FED83E00A1E612 /* sources */ = {
			isa = PBXGroup;
			children = (
				21BC588E1A22E6A60094DD81 /* whale_bow.json */,
				21BC58881A22AE240094DD81 /* dad_work.json */,
				21BC58841A22A03E0094DD81 /* daughter_sit.json */,
				217072621A1EB5C700D0CFC8 /* whale_orca.json */,
				21EB818E1A0A5FCB00C7525D /* daughter.json */,
				21EB818A1A0A5FC100C7525D /* dad.json */,
				21EA229B19FDEFA000A1E612 /* main.json */,
			);
			name = sources;
			sourceTree = "<group>";
		};
		21EA22A719FED84B00A1E612 /* loaders */ = {
			isa = PBXGroup;
			children = (
				21EA22AC19FED98600A1E612 /* home_characters.plist */,
			);
			name = loaders;
			sourceTree = "<group>";
		};
		21EA22C919FF001900A1E612 /* SpineImporter */ = {
			isa = PBXGroup;
			children = (
				21EA22CA19FF001900A1E612 /* SGG_SkinSlot.h */,
				21EA22CB19FF001900A1E612 /* SGG_SkinSlot.m */,
				21EA22CC19FF001900A1E612 /* SGG_SkinSprite.h */,
				21EA22CD19FF001900A1E612 /* SGG_SkinSprite.m */,
				21EA22CE19FF001900A1E612 /* SGG_Spine.h */,
				21EA22CF19FF001900A1E612 /* SGG_Spine.m */,
				21EA22D019FF001900A1E612 /* SGG_SpineBone.h */,
				21EA22D119FF001900A1E612 /* SGG_SpineBone.m */,
				21EA22D219FF001900A1E612 /* SGG_SpineBoneAction.h */,
				21EA22D319FF001900A1E612 /* SGG_SpineBoneAction.m */,
				21EA22D419FF001900A1E612 /* SGG_SpineJSONTools.h */,
				21EA22D519FF001900A1E612 /* SGG_SpineJSONTools.m */,
				21EA22D619FF001900A1E612 /* SGG_SpineSkin.h */,
				21EA22D719FF001900A1E612 /* SGG_SpineSkin.m */,
				21EA22D819FF001900A1E612 /* SpineImport.h */,
			);
			path = SpineImporter;
			sourceTree = "<group>";
		};
		21EFBB6C19F70C810081C1C5 /* Systems */ = {
			isa = PBXGroup;
			children = (
				21EA22A219FEB34F00A1E612 /* Game.swift */,
				21EA22A419FEC78200A1E612 /* AnimationManager.swift */,
				216101EA1A0D1667000AA0AB /* Interactions */,
				2103B3611A11A70500CCDCB9 /* Sky */,
				21EA22E019FF1FAE00A1E612 /* TimeManager.swift */,
				21E038DD1A1BAD8100EDC37E /* WhaleSpawnManager.swift */,
				213218AB1A1ED80F00330E1F /* EnergyManager.swift */,
				213218AF1A1FB65100330E1F /* ScreamingManager.swift */,
			);
			name = Systems;
			sourceTree = "<group>";
		};
/* End PBXGroup section */

/* Begin PBXNativeTarget section */
		21B5AF6F19CF8D17004B00C9 /* wwShootProto */ = {
			isa = PBXNativeTarget;
			buildConfigurationList = 21B5AF9319CF8D17004B00C9 /* Build configuration list for PBXNativeTarget "wwShootProto" */;
			buildPhases = (
				21B5AF6C19CF8D17004B00C9 /* Sources */,
				21B5AF6D19CF8D17004B00C9 /* Frameworks */,
				21B5AF6E19CF8D17004B00C9 /* Resources */,
			);
			buildRules = (
			);
			dependencies = (
			);
			name = wwShootProto;
			productName = wwShootProto;
			productReference = 21B5AF7019CF8D17004B00C9 /* wwShootProto.app */;
			productType = "com.apple.product-type.application";
		};
		21B5AF8819CF8D17004B00C9 /* wwShootProtoTests */ = {
			isa = PBXNativeTarget;
			buildConfigurationList = 21B5AF9619CF8D17004B00C9 /* Build configuration list for PBXNativeTarget "wwShootProtoTests" */;
			buildPhases = (
				21B5AF8519CF8D17004B00C9 /* Sources */,
				21B5AF8619CF8D17004B00C9 /* Frameworks */,
				21B5AF8719CF8D17004B00C9 /* Resources */,
			);
			buildRules = (
			);
			dependencies = (
				21B5AF8B19CF8D17004B00C9 /* PBXTargetDependency */,
			);
			name = wwShootProtoTests;
			productName = wwShootProtoTests;
			productReference = 21B5AF8919CF8D17004B00C9 /* wwShootProtoTests.xctest */;
			productType = "com.apple.product-type.bundle.unit-test";
		};
/* End PBXNativeTarget section */

/* Begin PBXProject section */
		21B5AF6819CF8D17004B00C9 /* Project object */ = {
			isa = PBXProject;
			attributes = {
				LastUpgradeCheck = 0600;
				ORGANIZATIONNAME = "not a hipster coffee shop";
				TargetAttributes = {
					21B5AF6F19CF8D17004B00C9 = {
						CreatedOnToolsVersion = 6.0;
						DevelopmentTeam = C8L677C7HM;
					};
					21B5AF8819CF8D17004B00C9 = {
						CreatedOnToolsVersion = 6.0;
						TestTargetID = 21B5AF6F19CF8D17004B00C9;
					};
				};
			};
			buildConfigurationList = 21B5AF6B19CF8D17004B00C9 /* Build configuration list for PBXProject "wwShootProto" */;
			compatibilityVersion = "Xcode 3.2";
			developmentRegion = English;
			hasScannedForEncodings = 0;
			knownRegions = (
				en,
				Base,
			);
			mainGroup = 21B5AF6719CF8D17004B00C9;
			productRefGroup = 21B5AF7119CF8D17004B00C9 /* Products */;
			projectDirPath = "";
			projectRoot = "";
			targets = (
				21B5AF6F19CF8D17004B00C9 /* wwShootProto */,
				21B5AF8819CF8D17004B00C9 /* wwShootProtoTests */,
			);
		};
/* End PBXProject section */

/* Begin PBXResourcesBuildPhase section */
		21B5AF6E19CF8D17004B00C9 /* Resources */ = {
			isa = PBXResourcesBuildPhase;
			buildActionMask = 2147483647;
			files = (
				21B5AF8419CF8D17004B00C9 /* LaunchScreen.xib in Resources */,
				21B5AF7F19CF8D17004B00C9 /* Main.storyboard in Resources */,
				213218BC1A20E4EB00330E1F /* whale-death.atlas in Resources */,
				213218B61A1FE7F100330E1F /* sky@2x.png in Resources */,
				21B5AF7819CF8D17004B00C9 /* HomeScene.sks in Resources */,
				21DFBFD81A228B8000134AC0 /* dayZero.plist in Resources */,
				21BC58891A22AE240094DD81 /* dad_work.json in Resources */,
				21BC58871A22A0980094DD81 /* daughter_sit.atlas in Resources */,
				21B5AF8119CF8D17004B00C9 /* Images.xcassets in Resources */,
				213218D11A20F59900330E1F /* City.png in Resources */,
				21B5AF9A19CF8D80004B00C9 /* textures.atlas in Resources */,
				21A4C5141A24561600E966D6 /* enter_water.wav in Resources */,
				21EB818F1A0A5FCB00C7525D /* daughter.atlas in Resources */,
				213218B51A1FE7F100330E1F /* sky.png in Resources */,
				21BC588C1A22D1930094DD81 /* LoadingScreen.png in Resources */,
				21EB818B1A0A5FC100C7525D /* dad.atlas in Resources */,
				21BC58851A22A03E0094DD81 /* daughter_sit.json in Resources */,
				21EA22AD19FED98600A1E612 /* home_characters.plist in Resources */,
				21BC587F1A2290580094DD81 /* Fire2@2x.png in Resources */,
				21BC587B1A2290580094DD81 /* Fire0@2x.png in Resources */,
				21BC588D1A22D1930094DD81 /* LoadingScreen@2x.png in Resources */,
				21EB81901A0A5FCB00C7525D /* daughter.json in Resources */,
				21A4C51B1A24561600E966D6 /* reticle_zoom_out.wav in Resources */,
				21EB818C1A0A5FC100C7525D /* dad.json in Resources */,
				21EA229C19FDEFA000A1E612 /* main.json in Resources */,
				213218CC1A20F0E800330E1F /* WaterLayer_004@2x.png in Resources */,
				213218C51A20F0E800330E1F /* WaterLayer_001.png in Resources */,
				213218C61A20F0E800330E1F /* WaterLayer_001@2x.png in Resources */,
				213218C81A20F0E800330E1F /* WaterLayer_002@2x.png in Resources */,
				2103B3601A11A4B600CCDCB9 /* Sky.fsh in Resources */,
				21E3B6111A1910E800195D36 /* whale_explosion.wav in Resources */,
				21A4C5131A24561600E966D6 /* energy_collect.wav in Resources */,
				21DFBFC51A219FE300134AC0 /* dad_getup.atlas in Resources */,
				21A4C51A1A24561600E966D6 /* reticle_zoom_in.wav in Resources */,
				217072631A1EB5C700D0CFC8 /* whale_orca.json in Resources */,
				21AEC7491A1DB3B30052F53F /* whale_orca.atlas in Resources */,
				21A4C5181A24561600E966D6 /* lock_on.wav in Resources */,
				21DFBFD71A228B8000134AC0 /* dayOneSuccess.plist in Resources */,
				21BC588F1A22E6A70094DD81 /* whale_bow.json in Resources */,
				21A4C5171A24561600E966D6 /* open_exposed_nodes.wav in Resources */,
				21BC58821A2290580094DD81 /* LighthouseRoom.png in Resources */,
				213218D21A20F59900330E1F /* City@2x.png in Resources */,
				21A4C51E1A24678300E966D6 /* waves.wav in Resources */,
				213218C71A20F0E800330E1F /* WaterLayer_002.png in Resources */,
				213218CB1A20F0E800330E1F /* WaterLayer_004.png in Resources */,
				21BC587D1A2290580094DD81 /* Fire1@2x.png in Resources */,
				21A4C5151A24561600E966D6 /* exit_water.wav in Resources */,
				21A4C5201A24689A00E966D6 /* shoot_missile.wav in Resources */,
				21BC587E1A2290580094DD81 /* Fire2.png in Resources */,
				21BC587A1A2290580094DD81 /* Fire0.png in Resources */,
				214CF8191A24DAD400204B63 /* whale_scream.mp3 in Resources */,
				21DFBFD61A228B8000134AC0 /* dayOneFailTwo.plist in Resources */,
				21A4C5161A24561600E966D6 /* fireplace.wav in Resources */,
				21BC587C1A2290580094DD81 /* Fire1.png in Resources */,
				21BC58831A2290580094DD81 /* LighthouseRoom@2x.png in Resources */,
				21DFBFD51A228B8000134AC0 /* dayOneFailOne.plist in Resources */,
				21BC58811A2290580094DD81 /* LighthouseHallway@2x.png in Resources */,
				21BC58911A22E6BF0094DD81 /* whale_bow.atlas in Resources */,
				213218CA1A20F0E800330E1F /* WaterLayer_003@2x.png in Resources */,
				21A4C5191A24561600E966D6 /* pick_text.wav in Resources */,
				21BC58801A2290580094DD81 /* LighthouseHallway.png in Resources */,
				21A4C5081A230C9B00E966D6 /* whale_bow_death.atlas in Resources */,
				21DFBFBD1A211C2700134AC0 /* well_explosion.wav in Resources */,
				21AEC7411A1D99AB0052F53F /* dad_work.atlas in Resources */,
				213218C91A20F0E800330E1F /* WaterLayer_003.png in Resources */,
			);
			runOnlyForDeploymentPostprocessing = 0;
		};
		21B5AF8719CF8D17004B00C9 /* Resources */ = {
			isa = PBXResourcesBuildPhase;
			buildActionMask = 2147483647;
			files = (
			);
			runOnlyForDeploymentPostprocessing = 0;
		};
/* End PBXResourcesBuildPhase section */

/* Begin PBXSourcesBuildPhase section */
		21B5AF6C19CF8D17004B00C9 /* Sources */ = {
			isa = PBXSourcesBuildPhase;
			buildActionMask = 2147483647;
			files = (
				21E3B6151A191BE000195D36 /* Railing.swift in Sources */,
				2102C70619E1D222008E830A /* Utilities2D.swift in Sources */,
				21EA22D919FF001900A1E612 /* SGG_SkinSlot.m in Sources */,
				21B2E7B819F1E20200000E70 /* House.swift in Sources */,
				2103B3641A11A74700CCDCB9 /* NHCSky.m in Sources */,
				213218B01A1FB65100330E1F /* ScreamingManager.swift in Sources */,
				21E3B6331A19904C00195D36 /* Whale.swift in Sources */,
				21B7A46F19F058470023EAE9 /* LoadingScene.swift in Sources */,
				21EA22DD19FF001900A1E612 /* SGG_SpineBoneAction.m in Sources */,
				21B5AF7A19CF8D17004B00C9 /* GameScene.swift in Sources */,
				21DFBFC11A219DC900134AC0 /* TutorialScene.swift in Sources */,
				213218AE1A1EDC7100330E1F /* EnergyHUD.swift in Sources */,
				213218CE1A20F40800330E1F /* City.swift in Sources */,
				21EA22DB19FF001900A1E612 /* SGG_Spine.m in Sources */,
				213218D61A21031300330E1F /* SoundManager.m in Sources */,
				213218AC1A1ED80F00330E1F /* EnergyManager.swift in Sources */,
				21E3B61D1A1921A700195D36 /* Water.swift in Sources */,
				216B93981A186729000F4D2D /* NORLabelNode.m in Sources */,
				21DFBFC31A219E6400134AC0 /* OrientationScene.swift in Sources */,
				21E3B6311A1929ED00195D36 /* Background.swift in Sources */,
				21E3B6171A191C2500195D36 /* NHCCenteredParallaxNode.swift in Sources */,
				21E3B6191A191E3800195D36 /* Player.swift in Sources */,
				2102C70419E1CF9F008E830A /* CameraController.swift in Sources */,
				21EA22A319FEB34F00A1E612 /* Game.swift in Sources */,
				21EA22DA19FF001900A1E612 /* SGG_SkinSprite.m in Sources */,
				21B7A46A19EB1E020023EAE9 /* HomeScene.swift in Sources */,
				21E3B61B1A191F8300195D36 /* Reticle.swift in Sources */,
				21EFBB6E19F70E310081C1C5 /* InteractionManager.swift in Sources */,
				21B2E7BF19F5A17000000E70 /* Button.swift in Sources */,
				21B5AF7C19CF8D17004B00C9 /* GameViewController.swift in Sources */,
				21B2E7BC19F46C5E00000E70 /* Character.swift in Sources */,
				21EA22A519FEC78200A1E612 /* AnimationManager.swift in Sources */,
				21E038E01A1BC76000EDC37E /* IntroScene.swift in Sources */,
				21EA22E119FF1FAE00A1E612 /* TimeManager.swift in Sources */,
				21B5AF7619CF8D17004B00C9 /* AppDelegate.swift in Sources */,
				21E3B61F1A19228C00195D36 /* Sun.swift in Sources */,
				216101EC1A0D178B000AA0AB /* InteractiveButton.swift in Sources */,
				21E038DE1A1BAD8100EDC37E /* WhaleSpawnManager.swift in Sources */,
				21EA22DF19FF001900A1E612 /* SGG_SpineSkin.m in Sources */,
				21EA22DE19FF001900A1E612 /* SGG_SpineJSONTools.m in Sources */,
				21E3B6351A19B37B00195D36 /* ParticleManager.swift in Sources */,
				21EA22DC19FF001900A1E612 /* SGG_SpineBone.m in Sources */,
				21DFBFC71A2287F600134AC0 /* LighthouseScene.swift in Sources */,
			);
			runOnlyForDeploymentPostprocessing = 0;
		};
		21B5AF8519CF8D17004B00C9 /* Sources */ = {
			isa = PBXSourcesBuildPhase;
			buildActionMask = 2147483647;
			files = (
				21B5AF9019CF8D17004B00C9 /* wwShootProtoTests.swift in Sources */,
			);
			runOnlyForDeploymentPostprocessing = 0;
		};
/* End PBXSourcesBuildPhase section */

/* Begin PBXTargetDependency section */
		21B5AF8B19CF8D17004B00C9 /* PBXTargetDependency */ = {
			isa = PBXTargetDependency;
			target = 21B5AF6F19CF8D17004B00C9 /* wwShootProto */;
			targetProxy = 21B5AF8A19CF8D17004B00C9 /* PBXContainerItemProxy */;
		};
/* End PBXTargetDependency section */

/* Begin PBXVariantGroup section */
		21B5AF7D19CF8D17004B00C9 /* Main.storyboard */ = {
			isa = PBXVariantGroup;
			children = (
				21B5AF7E19CF8D17004B00C9 /* Base */,
			);
			name = Main.storyboard;
			sourceTree = "<group>";
		};
		21B5AF8219CF8D17004B00C9 /* LaunchScreen.xib */ = {
			isa = PBXVariantGroup;
			children = (
				21B5AF8319CF8D17004B00C9 /* Base */,
			);
			name = LaunchScreen.xib;
			sourceTree = "<group>";
		};
/* End PBXVariantGroup section */

/* Begin XCBuildConfiguration section */
		21B5AF9119CF8D17004B00C9 /* Debug */ = {
			isa = XCBuildConfiguration;
			buildSettings = {
				ALWAYS_SEARCH_USER_PATHS = NO;
				CLANG_CXX_LANGUAGE_STANDARD = "gnu++0x";
				CLANG_CXX_LIBRARY = "libc++";
				CLANG_ENABLE_MODULES = YES;
				CLANG_ENABLE_OBJC_ARC = YES;
				CLANG_WARN_BOOL_CONVERSION = YES;
				CLANG_WARN_CONSTANT_CONVERSION = YES;
				CLANG_WARN_DIRECT_OBJC_ISA_USAGE = YES_ERROR;
				CLANG_WARN_EMPTY_BODY = YES;
				CLANG_WARN_ENUM_CONVERSION = YES;
				CLANG_WARN_INT_CONVERSION = YES;
				CLANG_WARN_OBJC_ROOT_CLASS = YES_ERROR;
				CLANG_WARN_UNREACHABLE_CODE = YES;
				CLANG_WARN__DUPLICATE_METHOD_MATCH = YES;
				"CODE_SIGN_IDENTITY[sdk=iphoneos*]" = "iPhone Developer";
				COPY_PHASE_STRIP = NO;
				ENABLE_STRICT_OBJC_MSGSEND = YES;
				GCC_C_LANGUAGE_STANDARD = gnu99;
				GCC_DYNAMIC_NO_PIC = NO;
				GCC_OPTIMIZATION_LEVEL = 0;
				GCC_PREPROCESSOR_DEFINITIONS = (
					"DEBUG=1",
					"$(inherited)",
				);
				GCC_SYMBOLS_PRIVATE_EXTERN = NO;
				GCC_WARN_64_TO_32_BIT_CONVERSION = YES;
				GCC_WARN_ABOUT_RETURN_TYPE = YES_ERROR;
				GCC_WARN_UNDECLARED_SELECTOR = YES;
				GCC_WARN_UNINITIALIZED_AUTOS = YES_AGGRESSIVE;
				GCC_WARN_UNUSED_FUNCTION = YES;
				GCC_WARN_UNUSED_VARIABLE = YES;
				IPHONEOS_DEPLOYMENT_TARGET = 8.0;
				MTL_ENABLE_DEBUG_INFO = YES;
				ONLY_ACTIVE_ARCH = YES;
				SDKROOT = iphoneos;
				SWIFT_OBJC_BRIDGING_HEADER = "wwShootProto/wwShootProto-Bridging-Header.h";
				SWIFT_OPTIMIZATION_LEVEL = "-Onone";
			};
			name = Debug;
		};
		21B5AF9219CF8D17004B00C9 /* Release */ = {
			isa = XCBuildConfiguration;
			buildSettings = {
				ALWAYS_SEARCH_USER_PATHS = NO;
				CLANG_CXX_LANGUAGE_STANDARD = "gnu++0x";
				CLANG_CXX_LIBRARY = "libc++";
				CLANG_ENABLE_MODULES = YES;
				CLANG_ENABLE_OBJC_ARC = YES;
				CLANG_WARN_BOOL_CONVERSION = YES;
				CLANG_WARN_CONSTANT_CONVERSION = YES;
				CLANG_WARN_DIRECT_OBJC_ISA_USAGE = YES_ERROR;
				CLANG_WARN_EMPTY_BODY = YES;
				CLANG_WARN_ENUM_CONVERSION = YES;
				CLANG_WARN_INT_CONVERSION = YES;
				CLANG_WARN_OBJC_ROOT_CLASS = YES_ERROR;
				CLANG_WARN_UNREACHABLE_CODE = YES;
				CLANG_WARN__DUPLICATE_METHOD_MATCH = YES;
				"CODE_SIGN_IDENTITY[sdk=iphoneos*]" = "iPhone Developer";
				COPY_PHASE_STRIP = YES;
				ENABLE_NS_ASSERTIONS = NO;
				ENABLE_STRICT_OBJC_MSGSEND = YES;
				GCC_C_LANGUAGE_STANDARD = gnu99;
				GCC_WARN_64_TO_32_BIT_CONVERSION = YES;
				GCC_WARN_ABOUT_RETURN_TYPE = YES_ERROR;
				GCC_WARN_UNDECLARED_SELECTOR = YES;
				GCC_WARN_UNINITIALIZED_AUTOS = YES_AGGRESSIVE;
				GCC_WARN_UNUSED_FUNCTION = YES;
				GCC_WARN_UNUSED_VARIABLE = YES;
				IPHONEOS_DEPLOYMENT_TARGET = 8.0;
				MTL_ENABLE_DEBUG_INFO = NO;
				SDKROOT = iphoneos;
				SWIFT_OBJC_BRIDGING_HEADER = "wwShootProto/wwShootProto-Bridging-Header.h";
				VALIDATE_PRODUCT = YES;
			};
			name = Release;
		};
		21B5AF9419CF8D17004B00C9 /* Debug */ = {
			isa = XCBuildConfiguration;
			buildSettings = {
				ASSETCATALOG_COMPILER_APPICON_NAME = AppIcon;
				CODE_SIGN_IDENTITY = "iPhone Developer: iMac Server (3SEV2ZNFFV)";
				"CODE_SIGN_IDENTITY[sdk=iphoneos*]" = "iPhone Developer: Jak Tiano (A845JA3URG)";
				INFOPLIST_FILE = wwShootProto/Info.plist;
				LD_RUNPATH_SEARCH_PATHS = "$(inherited) @executable_path/Frameworks";
				PRODUCT_NAME = "$(TARGET_NAME)";
				PROVISIONING_PROFILE = "";
				SWIFT_OBJC_BRIDGING_HEADER = "wwShootProto/wwShootProto-Bridging-Header.h";
			};
			name = Debug;
		};
		21B5AF9519CF8D17004B00C9 /* Release */ = {
			isa = XCBuildConfiguration;
			buildSettings = {
				ASSETCATALOG_COMPILER_APPICON_NAME = AppIcon;
				CODE_SIGN_IDENTITY = "iPhone Developer: iMac Server (3SEV2ZNFFV)";
				"CODE_SIGN_IDENTITY[sdk=iphoneos*]" = "iPhone Developer: Jak Tiano (A845JA3URG)";
				INFOPLIST_FILE = wwShootProto/Info.plist;
				LD_RUNPATH_SEARCH_PATHS = "$(inherited) @executable_path/Frameworks";
				PRODUCT_NAME = "$(TARGET_NAME)";
				PROVISIONING_PROFILE = "";
				SWIFT_OBJC_BRIDGING_HEADER = "wwShootProto/wwShootProto-Bridging-Header.h";
			};
			name = Release;
		};
		21B5AF9719CF8D17004B00C9 /* Debug */ = {
			isa = XCBuildConfiguration;
			buildSettings = {
				BUNDLE_LOADER = "$(TEST_HOST)";
				FRAMEWORK_SEARCH_PATHS = (
					"$(SDKROOT)/Developer/Library/Frameworks",
					"$(inherited)",
				);
				GCC_PREPROCESSOR_DEFINITIONS = (
					"DEBUG=1",
					"$(inherited)",
				);
				INFOPLIST_FILE = wwShootProtoTests/Info.plist;
				LD_RUNPATH_SEARCH_PATHS = "$(inherited) @executable_path/Frameworks @loader_path/Frameworks";
				PRODUCT_NAME = "$(TARGET_NAME)";
				TEST_HOST = "$(BUILT_PRODUCTS_DIR)/wwShootProto.app/wwShootProto";
			};
			name = Debug;
		};
		21B5AF9819CF8D17004B00C9 /* Release */ = {
			isa = XCBuildConfiguration;
			buildSettings = {
				BUNDLE_LOADER = "$(TEST_HOST)";
				FRAMEWORK_SEARCH_PATHS = (
					"$(SDKROOT)/Developer/Library/Frameworks",
					"$(inherited)",
				);
				INFOPLIST_FILE = wwShootProtoTests/Info.plist;
				LD_RUNPATH_SEARCH_PATHS = "$(inherited) @executable_path/Frameworks @loader_path/Frameworks";
				PRODUCT_NAME = "$(TARGET_NAME)";
				TEST_HOST = "$(BUILT_PRODUCTS_DIR)/wwShootProto.app/wwShootProto";
			};
			name = Release;
		};
/* End XCBuildConfiguration section */

/* Begin XCConfigurationList section */
		21B5AF6B19CF8D17004B00C9 /* Build configuration list for PBXProject "wwShootProto" */ = {
			isa = XCConfigurationList;
			buildConfigurations = (
				21B5AF9119CF8D17004B00C9 /* Debug */,
				21B5AF9219CF8D17004B00C9 /* Release */,
			);
			defaultConfigurationIsVisible = 0;
			defaultConfigurationName = Release;
		};
		21B5AF9319CF8D17004B00C9 /* Build configuration list for PBXNativeTarget "wwShootProto" */ = {
			isa = XCConfigurationList;
			buildConfigurations = (
				21B5AF9419CF8D17004B00C9 /* Debug */,
				21B5AF9519CF8D17004B00C9 /* Release */,
			);
			defaultConfigurationIsVisible = 0;
			defaultConfigurationName = Release;
		};
		21B5AF9619CF8D17004B00C9 /* Build configuration list for PBXNativeTarget "wwShootProtoTests" */ = {
			isa = XCConfigurationList;
			buildConfigurations = (
				21B5AF9719CF8D17004B00C9 /* Debug */,
				21B5AF9819CF8D17004B00C9 /* Release */,
			);
			defaultConfigurationIsVisible = 0;
			defaultConfigurationName = Release;
		};
/* End XCConfigurationList section */
	};
	rootObject = 21B5AF6819CF8D17004B00C9 /* Project object */;
}
