// !$*UTF8*$!
{
	archiveVersion = 1;
	classes = {
	};
	objectVersion = 46;
	objects = {

/* Begin PBXBuildFile section */
		2102C70419E1CF9F008E830A /* CameraController.swift in Sources */ = {isa = PBXBuildFile; fileRef = 2102C70319E1CF9F008E830A /* CameraController.swift */; };
		2102C70619E1D222008E830A /* Utilities2D.swift in Sources */ = {isa = PBXBuildFile; fileRef = 2102C70519E1D222008E830A /* Utilities2D.swift */; };
		216F548A19D114740040BB89 /* bokeh.png in Resources */ = {isa = PBXBuildFile; fileRef = 216F548819D114740040BB89 /* bokeh.png */; };
		21B2E7B219F1B33600000E70 /* house.png in Resources */ = {isa = PBXBuildFile; fileRef = 21B2E7B019F1B33600000E70 /* house.png */; };
		21B2E7B319F1B33600000E70 /* house@2x.png in Resources */ = {isa = PBXBuildFile; fileRef = 21B2E7B119F1B33600000E70 /* house@2x.png */; };
		21B2E7B819F1E20200000E70 /* House.swift in Sources */ = {isa = PBXBuildFile; fileRef = 21B2E7B719F1E20200000E70 /* House.swift */; };
		21B2E7BC19F46C5E00000E70 /* Character.swift in Sources */ = {isa = PBXBuildFile; fileRef = 21B2E7BB19F46C5E00000E70 /* Character.swift */; };
		21B2E7BF19F5A17000000E70 /* Button.swift in Sources */ = {isa = PBXBuildFile; fileRef = 21B2E7BE19F5A17000000E70 /* Button.swift */; };
		21B5AF7619CF8D17004B00C9 /* AppDelegate.swift in Sources */ = {isa = PBXBuildFile; fileRef = 21B5AF7519CF8D17004B00C9 /* AppDelegate.swift */; };
		21B5AF7819CF8D17004B00C9 /* HomeScene.sks in Resources */ = {isa = PBXBuildFile; fileRef = 21B5AF7719CF8D17004B00C9 /* HomeScene.sks */; };
		21B5AF7A19CF8D17004B00C9 /* GameScene.swift in Sources */ = {isa = PBXBuildFile; fileRef = 21B5AF7919CF8D17004B00C9 /* GameScene.swift */; };
		21B5AF7C19CF8D17004B00C9 /* GameViewController.swift in Sources */ = {isa = PBXBuildFile; fileRef = 21B5AF7B19CF8D17004B00C9 /* GameViewController.swift */; };
		21B5AF7F19CF8D17004B00C9 /* Main.storyboard in Resources */ = {isa = PBXBuildFile; fileRef = 21B5AF7D19CF8D17004B00C9 /* Main.storyboard */; };
		21B5AF8119CF8D17004B00C9 /* Images.xcassets in Resources */ = {isa = PBXBuildFile; fileRef = 21B5AF8019CF8D17004B00C9 /* Images.xcassets */; };
		21B5AF8419CF8D17004B00C9 /* LaunchScreen.xib in Resources */ = {isa = PBXBuildFile; fileRef = 21B5AF8219CF8D17004B00C9 /* LaunchScreen.xib */; };
		21B5AF9019CF8D17004B00C9 /* wwShootProtoTests.swift in Sources */ = {isa = PBXBuildFile; fileRef = 21B5AF8F19CF8D17004B00C9 /* wwShootProtoTests.swift */; };
		21B5AF9A19CF8D80004B00C9 /* textures.atlas in Resources */ = {isa = PBXBuildFile; fileRef = 21B5AF9919CF8D80004B00C9 /* textures.atlas */; };
		21B5AF9F19CF9336004B00C9 /* Whale.swift in Sources */ = {isa = PBXBuildFile; fileRef = 21B5AF9E19CF9336004B00C9 /* Whale.swift */; };
		21B7A46A19EB1E020023EAE9 /* HomeScene.swift in Sources */ = {isa = PBXBuildFile; fileRef = 21B7A46919EB1E020023EAE9 /* HomeScene.swift */; };
		21B7A46F19F058470023EAE9 /* LoadingScene.swift in Sources */ = {isa = PBXBuildFile; fileRef = 21B7A46E19F058470023EAE9 /* LoadingScene.swift */; };
		21B7A47119F05DDA0023EAE9 /* daughter_room.png in Resources */ = {isa = PBXBuildFile; fileRef = 21B7A47019F05DDA0023EAE9 /* daughter_room.png */; };
		21B7A47519F061430023EAE9 /* daughter_room@2x.png in Resources */ = {isa = PBXBuildFile; fileRef = 21B7A47219F061430023EAE9 /* daughter_room@2x.png */; };
		21B7A47619F061430023EAE9 /* main.png in Resources */ = {isa = PBXBuildFile; fileRef = 21B7A47319F061430023EAE9 /* main.png */; };
		21B7A47719F061430023EAE9 /* main@2x.png in Resources */ = {isa = PBXBuildFile; fileRef = 21B7A47419F061430023EAE9 /* main@2x.png */; };
		21EA229619FDEE5200A1E612 /* testDayOne.plist in Resources */ = {isa = PBXBuildFile; fileRef = 21EA229419FDEE5200A1E612 /* testDayOne.plist */; };
		21EA229C19FDEFA000A1E612 /* main.json in Resources */ = {isa = PBXBuildFile; fileRef = 21EA229B19FDEFA000A1E612 /* main.json */; };
		21EA22A019FDF00C00A1E612 /* main.atlas in Resources */ = {isa = PBXBuildFile; fileRef = 21EA229F19FDF00C00A1E612 /* main.atlas */; };
		21EA22A319FEB34F00A1E612 /* Game.swift in Sources */ = {isa = PBXBuildFile; fileRef = 21EA22A219FEB34F00A1E612 /* Game.swift */; };
		21EA22A519FEC78200A1E612 /* AnimationManager.swift in Sources */ = {isa = PBXBuildFile; fileRef = 21EA22A419FEC78200A1E612 /* AnimationManager.swift */; };
		21EA22AD19FED98600A1E612 /* home_characters.plist in Resources */ = {isa = PBXBuildFile; fileRef = 21EA22AC19FED98600A1E612 /* home_characters.plist */; };
		21EA22D919FF001900A1E612 /* SGG_SkinSlot.m in Sources */ = {isa = PBXBuildFile; fileRef = 21EA22CB19FF001900A1E612 /* SGG_SkinSlot.m */; };
		21EA22DA19FF001900A1E612 /* SGG_SkinSprite.m in Sources */ = {isa = PBXBuildFile; fileRef = 21EA22CD19FF001900A1E612 /* SGG_SkinSprite.m */; };
		21EA22DB19FF001900A1E612 /* SGG_Spine.m in Sources */ = {isa = PBXBuildFile; fileRef = 21EA22CF19FF001900A1E612 /* SGG_Spine.m */; };
		21EA22DC19FF001900A1E612 /* SGG_SpineBone.m in Sources */ = {isa = PBXBuildFile; fileRef = 21EA22D119FF001900A1E612 /* SGG_SpineBone.m */; };
		21EA22DD19FF001900A1E612 /* SGG_SpineBoneAction.m in Sources */ = {isa = PBXBuildFile; fileRef = 21EA22D319FF001900A1E612 /* SGG_SpineBoneAction.m */; };
		21EA22DE19FF001900A1E612 /* SGG_SpineJSONTools.m in Sources */ = {isa = PBXBuildFile; fileRef = 21EA22D519FF001900A1E612 /* SGG_SpineJSONTools.m */; };
		21EA22DF19FF001900A1E612 /* SGG_SpineSkin.m in Sources */ = {isa = PBXBuildFile; fileRef = 21EA22D719FF001900A1E612 /* SGG_SpineSkin.m */; };
		21EA22E119FF1FAE00A1E612 /* TimeManager.swift in Sources */ = {isa = PBXBuildFile; fileRef = 21EA22E019FF1FAE00A1E612 /* TimeManager.swift */; };
		21EB81871A0983C600C7525D /* house_foreground.png in Resources */ = {isa = PBXBuildFile; fileRef = 21EB81851A0983C600C7525D /* house_foreground.png */; };
		21EB81881A0983C600C7525D /* house_foreground@2x.png in Resources */ = {isa = PBXBuildFile; fileRef = 21EB81861A0983C600C7525D /* house_foreground@2x.png */; };
		21EFBB6E19F70E310081C1C5 /* InteractionManager.swift in Sources */ = {isa = PBXBuildFile; fileRef = 21EFBB6D19F70E310081C1C5 /* InteractionManager.swift */; };
/* End PBXBuildFile section */

/* Begin PBXContainerItemProxy section */
		21B5AF8A19CF8D17004B00C9 /* PBXContainerItemProxy */ = {
			isa = PBXContainerItemProxy;
			containerPortal = 21B5AF6819CF8D17004B00C9 /* Project object */;
			proxyType = 1;
			remoteGlobalIDString = 21B5AF6F19CF8D17004B00C9;
			remoteInfo = wwShootProto;
		};
/* End PBXContainerItemProxy section */

/* Begin PBXFileReference section */
		2102C70319E1CF9F008E830A /* CameraController.swift */ = {isa = PBXFileReference; fileEncoding = 4; lastKnownFileType = sourcecode.swift; path = CameraController.swift; sourceTree = "<group>"; };
		2102C70519E1D222008E830A /* Utilities2D.swift */ = {isa = PBXFileReference; fileEncoding = 4; lastKnownFileType = sourcecode.swift; path = Utilities2D.swift; sourceTree = "<group>"; };
		2136D43019FDD31400DB07BD /* wwShootProto-Bridging-Header.h */ = {isa = PBXFileReference; lastKnownFileType = sourcecode.c.h; path = "wwShootProto-Bridging-Header.h"; sourceTree = "<group>"; };
		216F548819D114740040BB89 /* bokeh.png */ = {isa = PBXFileReference; lastKnownFileType = image.png; path = bokeh.png; sourceTree = "<group>"; };
		21B2E7B019F1B33600000E70 /* house.png */ = {isa = PBXFileReference; lastKnownFileType = image.png; name = house.png; path = resources/house.png; sourceTree = SOURCE_ROOT; };
		21B2E7B119F1B33600000E70 /* house@2x.png */ = {isa = PBXFileReference; lastKnownFileType = image.png; name = "house@2x.png"; path = "resources/house@2x.png"; sourceTree = SOURCE_ROOT; };
		21B2E7B719F1E20200000E70 /* House.swift */ = {isa = PBXFileReference; fileEncoding = 4; lastKnownFileType = sourcecode.swift; path = House.swift; sourceTree = "<group>"; };
		21B2E7BB19F46C5E00000E70 /* Character.swift */ = {isa = PBXFileReference; fileEncoding = 4; lastKnownFileType = sourcecode.swift; path = Character.swift; sourceTree = "<group>"; };
		21B2E7BE19F5A17000000E70 /* Button.swift */ = {isa = PBXFileReference; fileEncoding = 4; lastKnownFileType = sourcecode.swift; path = Button.swift; sourceTree = "<group>"; };
		21B5AF7019CF8D17004B00C9 /* wwShootProto.app */ = {isa = PBXFileReference; explicitFileType = wrapper.application; includeInIndex = 0; path = wwShootProto.app; sourceTree = BUILT_PRODUCTS_DIR; };
		21B5AF7419CF8D17004B00C9 /* Info.plist */ = {isa = PBXFileReference; lastKnownFileType = text.plist.xml; path = Info.plist; sourceTree = "<group>"; };
		21B5AF7519CF8D17004B00C9 /* AppDelegate.swift */ = {isa = PBXFileReference; lastKnownFileType = sourcecode.swift; path = AppDelegate.swift; sourceTree = "<group>"; };
		21B5AF7719CF8D17004B00C9 /* HomeScene.sks */ = {isa = PBXFileReference; lastKnownFileType = file.sks; path = HomeScene.sks; sourceTree = "<group>"; };
		21B5AF7919CF8D17004B00C9 /* GameScene.swift */ = {isa = PBXFileReference; lastKnownFileType = sourcecode.swift; path = GameScene.swift; sourceTree = "<group>"; };
		21B5AF7B19CF8D17004B00C9 /* GameViewController.swift */ = {isa = PBXFileReference; lastKnownFileType = sourcecode.swift; path = GameViewController.swift; sourceTree = "<group>"; };
		21B5AF7E19CF8D17004B00C9 /* Base */ = {isa = PBXFileReference; lastKnownFileType = file.storyboard; name = Base; path = Base.lproj/Main.storyboard; sourceTree = "<group>"; };
		21B5AF8019CF8D17004B00C9 /* Images.xcassets */ = {isa = PBXFileReference; lastKnownFileType = folder.assetcatalog; path = Images.xcassets; sourceTree = "<group>"; };
		21B5AF8319CF8D17004B00C9 /* Base */ = {isa = PBXFileReference; lastKnownFileType = file.xib; name = Base; path = Base.lproj/LaunchScreen.xib; sourceTree = "<group>"; };
		21B5AF8919CF8D17004B00C9 /* wwShootProtoTests.xctest */ = {isa = PBXFileReference; explicitFileType = wrapper.cfbundle; includeInIndex = 0; path = wwShootProtoTests.xctest; sourceTree = BUILT_PRODUCTS_DIR; };
		21B5AF8E19CF8D17004B00C9 /* Info.plist */ = {isa = PBXFileReference; lastKnownFileType = text.plist.xml; path = Info.plist; sourceTree = "<group>"; };
		21B5AF8F19CF8D17004B00C9 /* wwShootProtoTests.swift */ = {isa = PBXFileReference; lastKnownFileType = sourcecode.swift; path = wwShootProtoTests.swift; sourceTree = "<group>"; };
		21B5AF9919CF8D80004B00C9 /* textures.atlas */ = {isa = PBXFileReference; lastKnownFileType = folder.skatlas; name = textures.atlas; path = resources/textures.atlas; sourceTree = SOURCE_ROOT; };
		21B5AF9E19CF9336004B00C9 /* Whale.swift */ = {isa = PBXFileReference; fileEncoding = 4; lastKnownFileType = sourcecode.swift; path = Whale.swift; sourceTree = "<group>"; };
		21B7A46919EB1E020023EAE9 /* HomeScene.swift */ = {isa = PBXFileReference; fileEncoding = 4; lastKnownFileType = sourcecode.swift; path = HomeScene.swift; sourceTree = "<group>"; };
		21B7A46E19F058470023EAE9 /* LoadingScene.swift */ = {isa = PBXFileReference; fileEncoding = 4; lastKnownFileType = sourcecode.swift; path = LoadingScene.swift; sourceTree = "<group>"; };
		21B7A47019F05DDA0023EAE9 /* daughter_room.png */ = {isa = PBXFileReference; lastKnownFileType = image.png; name = daughter_room.png; path = resources/daughter_room.png; sourceTree = SOURCE_ROOT; };
		21B7A47219F061430023EAE9 /* daughter_room@2x.png */ = {isa = PBXFileReference; lastKnownFileType = image.png; name = "daughter_room@2x.png"; path = "resources/daughter_room@2x.png"; sourceTree = SOURCE_ROOT; };
		21B7A47319F061430023EAE9 /* main.png */ = {isa = PBXFileReference; lastKnownFileType = image.png; name = main.png; path = resources/main.png; sourceTree = SOURCE_ROOT; };
		21B7A47419F061430023EAE9 /* main@2x.png */ = {isa = PBXFileReference; lastKnownFileType = image.png; name = "main@2x.png"; path = "resources/main@2x.png"; sourceTree = SOURCE_ROOT; };
		21EA229419FDEE5200A1E612 /* testDayOne.plist */ = {isa = PBXFileReference; fileEncoding = 4; lastKnownFileType = text.plist.xml; path = testDayOne.plist; sourceTree = "<group>"; };
		21EA229B19FDEFA000A1E612 /* main.json */ = {isa = PBXFileReference; fileEncoding = 4; lastKnownFileType = text.json; path = main.json; sourceTree = "<group>"; };
		21EA229F19FDF00C00A1E612 /* main.atlas */ = {isa = PBXFileReference; lastKnownFileType = folder.skatlas; path = main.atlas; sourceTree = "<group>"; };
		21EA22A219FEB34F00A1E612 /* Game.swift */ = {isa = PBXFileReference; fileEncoding = 4; lastKnownFileType = sourcecode.swift; path = Game.swift; sourceTree = "<group>"; };
		21EA22A419FEC78200A1E612 /* AnimationManager.swift */ = {isa = PBXFileReference; fileEncoding = 4; lastKnownFileType = sourcecode.swift; path = AnimationManager.swift; sourceTree = "<group>"; };
		21EA22AC19FED98600A1E612 /* home_characters.plist */ = {isa = PBXFileReference; fileEncoding = 4; lastKnownFileType = text.plist.xml; name = home_characters.plist; path = loaders/home_characters.plist; sourceTree = "<group>"; };
		21EA22CA19FF001900A1E612 /* SGG_SkinSlot.h */ = {isa = PBXFileReference; fileEncoding = 4; lastKnownFileType = sourcecode.c.h; path = SGG_SkinSlot.h; sourceTree = "<group>"; };
		21EA22CB19FF001900A1E612 /* SGG_SkinSlot.m */ = {isa = PBXFileReference; fileEncoding = 4; lastKnownFileType = sourcecode.c.objc; path = SGG_SkinSlot.m; sourceTree = "<group>"; };
		21EA22CC19FF001900A1E612 /* SGG_SkinSprite.h */ = {isa = PBXFileReference; fileEncoding = 4; lastKnownFileType = sourcecode.c.h; path = SGG_SkinSprite.h; sourceTree = "<group>"; };
		21EA22CD19FF001900A1E612 /* SGG_SkinSprite.m */ = {isa = PBXFileReference; fileEncoding = 4; lastKnownFileType = sourcecode.c.objc; path = SGG_SkinSprite.m; sourceTree = "<group>"; };
		21EA22CE19FF001900A1E612 /* SGG_Spine.h */ = {isa = PBXFileReference; fileEncoding = 4; lastKnownFileType = sourcecode.c.h; path = SGG_Spine.h; sourceTree = "<group>"; };
		21EA22CF19FF001900A1E612 /* SGG_Spine.m */ = {isa = PBXFileReference; fileEncoding = 4; lastKnownFileType = sourcecode.c.objc; path = SGG_Spine.m; sourceTree = "<group>"; };
		21EA22D019FF001900A1E612 /* SGG_SpineBone.h */ = {isa = PBXFileReference; fileEncoding = 4; lastKnownFileType = sourcecode.c.h; path = SGG_SpineBone.h; sourceTree = "<group>"; };
		21EA22D119FF001900A1E612 /* SGG_SpineBone.m */ = {isa = PBXFileReference; fileEncoding = 4; lastKnownFileType = sourcecode.c.objc; path = SGG_SpineBone.m; sourceTree = "<group>"; };
		21EA22D219FF001900A1E612 /* SGG_SpineBoneAction.h */ = {isa = PBXFileReference; fileEncoding = 4; lastKnownFileType = sourcecode.c.h; path = SGG_SpineBoneAction.h; sourceTree = "<group>"; };
		21EA22D319FF001900A1E612 /* SGG_SpineBoneAction.m */ = {isa = PBXFileReference; fileEncoding = 4; lastKnownFileType = sourcecode.c.objc; path = SGG_SpineBoneAction.m; sourceTree = "<group>"; };
		21EA22D419FF001900A1E612 /* SGG_SpineJSONTools.h */ = {isa = PBXFileReference; fileEncoding = 4; lastKnownFileType = sourcecode.c.h; path = SGG_SpineJSONTools.h; sourceTree = "<group>"; };
		21EA22D519FF001900A1E612 /* SGG_SpineJSONTools.m */ = {isa = PBXFileReference; fileEncoding = 4; lastKnownFileType = sourcecode.c.objc; path = SGG_SpineJSONTools.m; sourceTree = "<group>"; };
		21EA22D619FF001900A1E612 /* SGG_SpineSkin.h */ = {isa = PBXFileReference; fileEncoding = 4; lastKnownFileType = sourcecode.c.h; path = SGG_SpineSkin.h; sourceTree = "<group>"; };
		21EA22D719FF001900A1E612 /* SGG_SpineSkin.m */ = {isa = PBXFileReference; fileEncoding = 4; lastKnownFileType = sourcecode.c.objc; path = SGG_SpineSkin.m; sourceTree = "<group>"; };
		21EA22D819FF001900A1E612 /* SpineImport.h */ = {isa = PBXFileReference; fileEncoding = 4; lastKnownFileType = sourcecode.c.h; path = SpineImport.h; sourceTree = "<group>"; };
		21EA22E019FF1FAE00A1E612 /* TimeManager.swift */ = {isa = PBXFileReference; fileEncoding = 4; lastKnownFileType = sourcecode.swift; name = TimeManager.swift; path = wwShootProto/TimeManager.swift; sourceTree = SOURCE_ROOT; };
		21EB81851A0983C600C7525D /* house_foreground.png */ = {isa = PBXFileReference; lastKnownFileType = image.png; name = house_foreground.png; path = resources/house_foreground.png; sourceTree = SOURCE_ROOT; };
		21EB81861A0983C600C7525D /* house_foreground@2x.png */ = {isa = PBXFileReference; lastKnownFileType = image.png; name = "house_foreground@2x.png"; path = "resources/house_foreground@2x.png"; sourceTree = SOURCE_ROOT; };
		21EFBB6D19F70E310081C1C5 /* InteractionManager.swift */ = {isa = PBXFileReference; fileEncoding = 4; lastKnownFileType = sourcecode.swift; path = InteractionManager.swift; sourceTree = "<group>"; };
/* End PBXFileReference section */

/* Begin PBXFrameworksBuildPhase section */
		21B5AF6D19CF8D17004B00C9 /* Frameworks */ = {
			isa = PBXFrameworksBuildPhase;
			buildActionMask = 2147483647;
			files = (
			);
			runOnlyForDeploymentPostprocessing = 0;
		};
		21B5AF8619CF8D17004B00C9 /* Frameworks */ = {
			isa = PBXFrameworksBuildPhase;
			buildActionMask = 2147483647;
			files = (
			);
			runOnlyForDeploymentPostprocessing = 0;
		};
/* End PBXFrameworksBuildPhase section */

/* Begin PBXGroup section */
		2102C6EB19E1CF25008E830A /* Utilities */ = {
			isa = PBXGroup;
			children = (
				2102C70319E1CF9F008E830A /* CameraController.swift */,
				2102C70519E1D222008E830A /* Utilities2D.swift */,
				21B2E7BE19F5A17000000E70 /* Button.swift */,
			);
			name = Utilities;
			sourceTree = "<group>";
		};
		2181E16C19D10E93009FE3FB /* Particles */ = {
			isa = PBXGroup;
			children = (
				216F548819D114740040BB89 /* bokeh.png */,
			);
			name = Particles;
			sourceTree = "<group>";
		};
		21B2E7B619F1E1EA00000E70 /* Home */ = {
			isa = PBXGroup;
			children = (
				21B2E7B719F1E20200000E70 /* House.swift */,
			);
			name = Home;
			sourceTree = "<group>";
		};
		21B2E7B919F46C2500000E70 /* Work */ = {
			isa = PBXGroup;
			children = (
				21B5AF9E19CF9336004B00C9 /* Whale.swift */,
			);
			name = Work;
			sourceTree = "<group>";
		};
		21B2E7BA19F46C3600000E70 /* Characters */ = {
			isa = PBXGroup;
			children = (
				21B2E7BB19F46C5E00000E70 /* Character.swift */,
			);
			name = Characters;
			sourceTree = "<group>";
		};
		21B5AF6719CF8D17004B00C9 = {
			isa = PBXGroup;
			children = (
				21B5AF7219CF8D17004B00C9 /* wwShootProto */,
				21B5AF8C19CF8D17004B00C9 /* wwShootProtoTests */,
				21B5AF7119CF8D17004B00C9 /* Products */,
			);
			sourceTree = "<group>";
		};
		21B5AF7119CF8D17004B00C9 /* Products */ = {
			isa = PBXGroup;
			children = (
				21B5AF7019CF8D17004B00C9 /* wwShootProto.app */,
				21B5AF8919CF8D17004B00C9 /* wwShootProtoTests.xctest */,
			);
			name = Products;
			sourceTree = "<group>";
		};
		21B5AF7219CF8D17004B00C9 /* wwShootProto */ = {
			isa = PBXGroup;
			children = (
				21B5AF9B19CF92E9004B00C9 /* Game */,
				21B5AF7319CF8D17004B00C9 /* Supporting Files */,
			);
			path = wwShootProto;
			sourceTree = "<group>";
		};
		21B5AF7319CF8D17004B00C9 /* Supporting Files */ = {
			isa = PBXGroup;
			children = (
				21EA22A119FDFBB300A1E612 /* Project Files */,
				21EA229019FDEE5200A1E612 /* data */,
				2181E16C19D10E93009FE3FB /* Particles */,
				21B7A46B19F0516E0023EAE9 /* additional images */,
				21EA229F19FDF00C00A1E612 /* main.atlas */,
				21B5AF9919CF8D80004B00C9 /* textures.atlas */,
			);
			name = "Supporting Files";
			sourceTree = "<group>";
		};
		21B5AF8C19CF8D17004B00C9 /* wwShootProtoTests */ = {
			isa = PBXGroup;
			children = (
				21B5AF8F19CF8D17004B00C9 /* wwShootProtoTests.swift */,
				21B5AF8D19CF8D17004B00C9 /* Supporting Files */,
			);
			path = wwShootProtoTests;
			sourceTree = "<group>";
		};
		21B5AF8D19CF8D17004B00C9 /* Supporting Files */ = {
			isa = PBXGroup;
			children = (
				21B5AF8E19CF8D17004B00C9 /* Info.plist */,
			);
			name = "Supporting Files";
			sourceTree = "<group>";
		};
		21B5AF9B19CF92E9004B00C9 /* Game */ = {
			isa = PBXGroup;
			children = (
				21EFBB6C19F70C810081C1C5 /* Systems */,
				2102C6EB19E1CF25008E830A /* Utilities */,
				21B5AF9D19CF9322004B00C9 /* Entities */,
				21B5AF9C19CF92F4004B00C9 /* Scenes */,
			);
			name = Game;
			sourceTree = "<group>";
		};
		21B5AF9C19CF92F4004B00C9 /* Scenes */ = {
			isa = PBXGroup;
			children = (
				21B5AF7919CF8D17004B00C9 /* GameScene.swift */,
				21B7A46919EB1E020023EAE9 /* HomeScene.swift */,
				21B7A46E19F058470023EAE9 /* LoadingScene.swift */,
			);
			name = Scenes;
			sourceTree = "<group>";
		};
		21B5AF9D19CF9322004B00C9 /* Entities */ = {
			isa = PBXGroup;
			children = (
				21B2E7BA19F46C3600000E70 /* Characters */,
				21B2E7B919F46C2500000E70 /* Work */,
				21B2E7B619F1E1EA00000E70 /* Home */,
			);
			name = Entities;
			sourceTree = "<group>";
		};
		21B7A46B19F0516E0023EAE9 /* additional images */ = {
			isa = PBXGroup;
			children = (
				21EB81851A0983C600C7525D /* house_foreground.png */,
				21EB81861A0983C600C7525D /* house_foreground@2x.png */,
				21B2E7B019F1B33600000E70 /* house.png */,
				21B2E7B119F1B33600000E70 /* house@2x.png */,
				21B7A47219F061430023EAE9 /* daughter_room@2x.png */,
				21B7A47319F061430023EAE9 /* main.png */,
				21B7A47419F061430023EAE9 /* main@2x.png */,
				21B7A47019F05DDA0023EAE9 /* daughter_room.png */,
			);
			name = "additional images";
			sourceTree = "<group>";
		};
		21EA229019FDEE5200A1E612 /* data */ = {
			isa = PBXGroup;
			children = (
				21EA229119FDEE5200A1E612 /* animations */,
				21EA229319FDEE5200A1E612 /* interactions */,
			);
			path = data;
			sourceTree = "<group>";
		};
		21EA229119FDEE5200A1E612 /* animations */ = {
			isa = PBXGroup;
			children = (
				21EA22A719FED84B00A1E612 /* loaders */,
				21EA22A619FED83E00A1E612 /* sources */,
			);
			path = animations;
			sourceTree = "<group>";
		};
		21EA229319FDEE5200A1E612 /* interactions */ = {
			isa = PBXGroup;
			children = (
				21EA229419FDEE5200A1E612 /* testDayOne.plist */,
			);
			path = interactions;
			sourceTree = "<group>";
		};
		21EA22A119FDFBB300A1E612 /* Project Files */ = {
			isa = PBXGroup;
			children = (
				21B5AF7419CF8D17004B00C9 /* Info.plist */,
				21B5AF7719CF8D17004B00C9 /* HomeScene.sks */,
				2136D43019FDD31400DB07BD /* wwShootProto-Bridging-Header.h */,
				21B5AF7B19CF8D17004B00C9 /* GameViewController.swift */,
				21B5AF7519CF8D17004B00C9 /* AppDelegate.swift */,
				21B5AF7D19CF8D17004B00C9 /* Main.storyboard */,
				21B5AF8219CF8D17004B00C9 /* LaunchScreen.xib */,
				21B5AF8019CF8D17004B00C9 /* Images.xcassets */,
			);
			name = "Project Files";
			sourceTree = "<group>";
		};
		21EA22A619FED83E00A1E612 /* sources */ = {
			isa = PBXGroup;
			children = (
				21EA229B19FDEFA000A1E612 /* main.json */,
			);
			name = sources;
			sourceTree = "<group>";
		};
		21EA22A719FED84B00A1E612 /* loaders */ = {
			isa = PBXGroup;
			children = (
				21EA22AC19FED98600A1E612 /* home_characters.plist */,
			);
			name = loaders;
			sourceTree = "<group>";
		};
		21EA22C919FF001900A1E612 /* SpineImporter */ = {
			isa = PBXGroup;
			children = (
				21EA22CA19FF001900A1E612 /* SGG_SkinSlot.h */,
				21EA22CB19FF001900A1E612 /* SGG_SkinSlot.m */,
				21EA22CC19FF001900A1E612 /* SGG_SkinSprite.h */,
				21EA22CD19FF001900A1E612 /* SGG_SkinSprite.m */,
				21EA22CE19FF001900A1E612 /* SGG_Spine.h */,
				21EA22CF19FF001900A1E612 /* SGG_Spine.m */,
				21EA22D019FF001900A1E612 /* SGG_SpineBone.h */,
				21EA22D119FF001900A1E612 /* SGG_SpineBone.m */,
				21EA22D219FF001900A1E612 /* SGG_SpineBoneAction.h */,
				21EA22D319FF001900A1E612 /* SGG_SpineBoneAction.m */,
				21EA22D419FF001900A1E612 /* SGG_SpineJSONTools.h */,
				21EA22D519FF001900A1E612 /* SGG_SpineJSONTools.m */,
				21EA22D619FF001900A1E612 /* SGG_SpineSkin.h */,
				21EA22D719FF001900A1E612 /* SGG_SpineSkin.m */,
				21EA22D819FF001900A1E612 /* SpineImport.h */,
			);
			path = SpineImporter;
			sourceTree = "<group>";
		};
		21EFBB6C19F70C810081C1C5 /* Systems */ = {
			isa = PBXGroup;
			children = (
				21EA22C919FF001900A1E612 /* SpineImporter */,
				21EA22A219FEB34F00A1E612 /* Game.swift */,
				21EA22A419FEC78200A1E612 /* AnimationManager.swift */,
				21EFBB6D19F70E310081C1C5 /* InteractionManager.swift */,
				21EA22E019FF1FAE00A1E612 /* TimeManager.swift */,
			);
			name = Systems;
			sourceTree = "<group>";
		};
/* End PBXGroup section */

/* Begin PBXNativeTarget section */
		21B5AF6F19CF8D17004B00C9 /* wwShootProto */ = {
			isa = PBXNativeTarget;
			buildConfigurationList = 21B5AF9319CF8D17004B00C9 /* Build configuration list for PBXNativeTarget "wwShootProto" */;
			buildPhases = (
				21B5AF6C19CF8D17004B00C9 /* Sources */,
				21B5AF6D19CF8D17004B00C9 /* Frameworks */,
				21B5AF6E19CF8D17004B00C9 /* Resources */,
			);
			buildRules = (
			);
			dependencies = (
			);
			name = wwShootProto;
			productName = wwShootProto;
			productReference = 21B5AF7019CF8D17004B00C9 /* wwShootProto.app */;
			productType = "com.apple.product-type.application";
		};
		21B5AF8819CF8D17004B00C9 /* wwShootProtoTests */ = {
			isa = PBXNativeTarget;
			buildConfigurationList = 21B5AF9619CF8D17004B00C9 /* Build configuration list for PBXNativeTarget "wwShootProtoTests" */;
			buildPhases = (
				21B5AF8519CF8D17004B00C9 /* Sources */,
				21B5AF8619CF8D17004B00C9 /* Frameworks */,
				21B5AF8719CF8D17004B00C9 /* Resources */,
			);
			buildRules = (
			);
			dependencies = (
				21B5AF8B19CF8D17004B00C9 /* PBXTargetDependency */,
			);
			name = wwShootProtoTests;
			productName = wwShootProtoTests;
			productReference = 21B5AF8919CF8D17004B00C9 /* wwShootProtoTests.xctest */;
			productType = "com.apple.product-type.bundle.unit-test";
		};
/* End PBXNativeTarget section */

/* Begin PBXProject section */
		21B5AF6819CF8D17004B00C9 /* Project object */ = {
			isa = PBXProject;
			attributes = {
				LastUpgradeCheck = 0600;
				ORGANIZATIONNAME = "not a hipster coffee shop";
				TargetAttributes = {
					21B5AF6F19CF8D17004B00C9 = {
						CreatedOnToolsVersion = 6.0;
						DevelopmentTeam = C8L677C7HM;
					};
					21B5AF8819CF8D17004B00C9 = {
						CreatedOnToolsVersion = 6.0;
						TestTargetID = 21B5AF6F19CF8D17004B00C9;
					};
				};
			};
			buildConfigurationList = 21B5AF6B19CF8D17004B00C9 /* Build configuration list for PBXProject "wwShootProto" */;
			compatibilityVersion = "Xcode 3.2";
			developmentRegion = English;
			hasScannedForEncodings = 0;
			knownRegions = (
				en,
				Base,
			);
			mainGroup = 21B5AF6719CF8D17004B00C9;
			productRefGroup = 21B5AF7119CF8D17004B00C9 /* Products */;
			projectDirPath = "";
			projectRoot = "";
			targets = (
				21B5AF6F19CF8D17004B00C9 /* wwShootProto */,
				21B5AF8819CF8D17004B00C9 /* wwShootProtoTests */,
			);
		};
/* End PBXProject section */

/* Begin PBXResourcesBuildPhase section */
		21B5AF6E19CF8D17004B00C9 /* Resources */ = {
			isa = PBXResourcesBuildPhase;
			buildActionMask = 2147483647;
			files = (
				21B2E7B219F1B33600000E70 /* house.png in Resources */,
				21B5AF8419CF8D17004B00C9 /* LaunchScreen.xib in Resources */,
				21B7A47519F061430023EAE9 /* daughter_room@2x.png in Resources */,
				21B7A47619F061430023EAE9 /* main.png in Resources */,
				21B7A47719F061430023EAE9 /* main@2x.png in Resources */,
				21B5AF9A19CF8D80004B00C9 /* textures.atlas in Resources */,
				21EB81881A0983C600C7525D /* house_foreground@2x.png in Resources */,
				21B5AF8119CF8D17004B00C9 /* Images.xcassets in Resources */,
				21EA22A019FDF00C00A1E612 /* main.atlas in Resources */,
				216F548A19D114740040BB89 /* bokeh.png in Resources */,
				21B5AF7819CF8D17004B00C9 /* HomeScene.sks in Resources */,
				21B2E7B319F1B33600000E70 /* house@2x.png in Resources */,
				21EA229619FDEE5200A1E612 /* testDayOne.plist in Resources */,
				21B7A47119F05DDA0023EAE9 /* daughter_room.png in Resources */,
				21EB81871A0983C600C7525D /* house_foreground.png in Resources */,
				21EA22AD19FED98600A1E612 /* home_characters.plist in Resources */,
				21EA229C19FDEFA000A1E612 /* main.json in Resources */,
				21B5AF7F19CF8D17004B00C9 /* Main.storyboard in Resources */,
			);
			runOnlyForDeploymentPostprocessing = 0;
		};
		21B5AF8719CF8D17004B00C9 /* Resources */ = {
			isa = PBXResourcesBuildPhase;
			buildActionMask = 2147483647;
			files = (
			);
			runOnlyForDeploymentPostprocessing = 0;
		};
/* End PBXResourcesBuildPhase section */

/* Begin PBXSourcesBuildPhase section */
		21B5AF6C19CF8D17004B00C9 /* Sources */ = {
			isa = PBXSourcesBuildPhase;
			buildActionMask = 2147483647;
			files = (
				2102C70619E1D222008E830A /* Utilities2D.swift in Sources */,
				21EA22D919FF001900A1E612 /* SGG_SkinSlot.m in Sources */,
				21B2E7B819F1E20200000E70 /* House.swift in Sources */,
				21B7A46F19F058470023EAE9 /* LoadingScene.swift in Sources */,
				21EA22DD19FF001900A1E612 /* SGG_SpineBoneAction.m in Sources */,
				21B5AF7A19CF8D17004B00C9 /* GameScene.swift in Sources */,
				21EA22DB19FF001900A1E612 /* SGG_Spine.m in Sources */,
				2102C70419E1CF9F008E830A /* CameraController.swift in Sources */,
				21EA22A319FEB34F00A1E612 /* Game.swift in Sources */,
				21EA22DA19FF001900A1E612 /* SGG_SkinSprite.m in Sources */,
				21B7A46A19EB1E020023EAE9 /* HomeScene.swift in Sources */,
				21EFBB6E19F70E310081C1C5 /* InteractionManager.swift in Sources */,
				21B2E7BF19F5A17000000E70 /* Button.swift in Sources */,
				21B5AF7C19CF8D17004B00C9 /* GameViewController.swift in Sources */,
				21B2E7BC19F46C5E00000E70 /* Character.swift in Sources */,
				21EA22A519FEC78200A1E612 /* AnimationManager.swift in Sources */,
				21EA22E119FF1FAE00A1E612 /* TimeManager.swift in Sources */,
				21B5AF7619CF8D17004B00C9 /* AppDelegate.swift in Sources */,
				21EA22DF19FF001900A1E612 /* SGG_SpineSkin.m in Sources */,
				21EA22DE19FF001900A1E612 /* SGG_SpineJSONTools.m in Sources */,
				21B5AF9F19CF9336004B00C9 /* Whale.swift in Sources */,
				21EA22DC19FF001900A1E612 /* SGG_SpineBone.m in Sources */,
			);
			runOnlyForDeploymentPostprocessing = 0;
		};
		21B5AF8519CF8D17004B00C9 /* Sources */ = {
			isa = PBXSourcesBuildPhase;
			buildActionMask = 2147483647;
			files = (
				21B5AF9019CF8D17004B00C9 /* wwShootProtoTests.swift in Sources */,
			);
			runOnlyForDeploymentPostprocessing = 0;
		};
/* End PBXSourcesBuildPhase section */

/* Begin PBXTargetDependency section */
		21B5AF8B19CF8D17004B00C9 /* PBXTargetDependency */ = {
			isa = PBXTargetDependency;
			target = 21B5AF6F19CF8D17004B00C9 /* wwShootProto */;
			targetProxy = 21B5AF8A19CF8D17004B00C9 /* PBXContainerItemProxy */;
		};
/* End PBXTargetDependency section */

/* Begin PBXVariantGroup section */
		21B5AF7D19CF8D17004B00C9 /* Main.storyboard */ = {
			isa = PBXVariantGroup;
			children = (
				21B5AF7E19CF8D17004B00C9 /* Base */,
			);
			name = Main.storyboard;
			sourceTree = "<group>";
		};
		21B5AF8219CF8D17004B00C9 /* LaunchScreen.xib */ = {
			isa = PBXVariantGroup;
			children = (
				21B5AF8319CF8D17004B00C9 /* Base */,
			);
			name = LaunchScreen.xib;
			sourceTree = "<group>";
		};
/* End PBXVariantGroup section */

/* Begin XCBuildConfiguration section */
		21B5AF9119CF8D17004B00C9 /* Debug */ = {
			isa = XCBuildConfiguration;
			buildSettings = {
				ALWAYS_SEARCH_USER_PATHS = NO;
				CLANG_CXX_LANGUAGE_STANDARD = "gnu++0x";
				CLANG_CXX_LIBRARY = "libc++";
				CLANG_ENABLE_MODULES = YES;
				CLANG_ENABLE_OBJC_ARC = YES;
				CLANG_WARN_BOOL_CONVERSION = YES;
				CLANG_WARN_CONSTANT_CONVERSION = YES;
				CLANG_WARN_DIRECT_OBJC_ISA_USAGE = YES_ERROR;
				CLANG_WARN_EMPTY_BODY = YES;
				CLANG_WARN_ENUM_CONVERSION = YES;
				CLANG_WARN_INT_CONVERSION = YES;
				CLANG_WARN_OBJC_ROOT_CLASS = YES_ERROR;
				CLANG_WARN_UNREACHABLE_CODE = YES;
				CLANG_WARN__DUPLICATE_METHOD_MATCH = YES;
				"CODE_SIGN_IDENTITY[sdk=iphoneos*]" = "iPhone Developer";
				COPY_PHASE_STRIP = NO;
				ENABLE_STRICT_OBJC_MSGSEND = YES;
				GCC_C_LANGUAGE_STANDARD = gnu99;
				GCC_DYNAMIC_NO_PIC = NO;
				GCC_OPTIMIZATION_LEVEL = 0;
				GCC_PREPROCESSOR_DEFINITIONS = (
					"DEBUG=1",
					"$(inherited)",
				);
				GCC_SYMBOLS_PRIVATE_EXTERN = NO;
				GCC_WARN_64_TO_32_BIT_CONVERSION = YES;
				GCC_WARN_ABOUT_RETURN_TYPE = YES_ERROR;
				GCC_WARN_UNDECLARED_SELECTOR = YES;
				GCC_WARN_UNINITIALIZED_AUTOS = YES_AGGRESSIVE;
				GCC_WARN_UNUSED_FUNCTION = YES;
				GCC_WARN_UNUSED_VARIABLE = YES;
				IPHONEOS_DEPLOYMENT_TARGET = 8.0;
				MTL_ENABLE_DEBUG_INFO = YES;
				ONLY_ACTIVE_ARCH = YES;
				SDKROOT = iphoneos;
				SWIFT_OBJC_BRIDGING_HEADER = "wwShootProto/wwShootProto-Bridging-Header.h";
				SWIFT_OPTIMIZATION_LEVEL = "-Onone";
			};
			name = Debug;
		};
		21B5AF9219CF8D17004B00C9 /* Release */ = {
			isa = XCBuildConfiguration;
			buildSettings = {
				ALWAYS_SEARCH_USER_PATHS = NO;
				CLANG_CXX_LANGUAGE_STANDARD = "gnu++0x";
				CLANG_CXX_LIBRARY = "libc++";
				CLANG_ENABLE_MODULES = YES;
				CLANG_ENABLE_OBJC_ARC = YES;
				CLANG_WARN_BOOL_CONVERSION = YES;
				CLANG_WARN_CONSTANT_CONVERSION = YES;
				CLANG_WARN_DIRECT_OBJC_ISA_USAGE = YES_ERROR;
				CLANG_WARN_EMPTY_BODY = YES;
				CLANG_WARN_ENUM_CONVERSION = YES;
				CLANG_WARN_INT_CONVERSION = YES;
				CLANG_WARN_OBJC_ROOT_CLASS = YES_ERROR;
				CLANG_WARN_UNREACHABLE_CODE = YES;
				CLANG_WARN__DUPLICATE_METHOD_MATCH = YES;
				"CODE_SIGN_IDENTITY[sdk=iphoneos*]" = "iPhone Developer";
				COPY_PHASE_STRIP = YES;
				ENABLE_NS_ASSERTIONS = NO;
				ENABLE_STRICT_OBJC_MSGSEND = YES;
				GCC_C_LANGUAGE_STANDARD = gnu99;
				GCC_WARN_64_TO_32_BIT_CONVERSION = YES;
				GCC_WARN_ABOUT_RETURN_TYPE = YES_ERROR;
				GCC_WARN_UNDECLARED_SELECTOR = YES;
				GCC_WARN_UNINITIALIZED_AUTOS = YES_AGGRESSIVE;
				GCC_WARN_UNUSED_FUNCTION = YES;
				GCC_WARN_UNUSED_VARIABLE = YES;
				IPHONEOS_DEPLOYMENT_TARGET = 8.0;
				MTL_ENABLE_DEBUG_INFO = NO;
				SDKROOT = iphoneos;
				SWIFT_OBJC_BRIDGING_HEADER = "wwShootProto/wwShootProto-Bridging-Header.h";
				VALIDATE_PRODUCT = YES;
			};
			name = Release;
		};
		21B5AF9419CF8D17004B00C9 /* Debug */ = {
			isa = XCBuildConfiguration;
			buildSettings = {
				ASSETCATALOG_COMPILER_APPICON_NAME = AppIcon;
				CODE_SIGN_IDENTITY = "iPhone Developer: iMac Server (3SEV2ZNFFV)";
				"CODE_SIGN_IDENTITY[sdk=iphoneos*]" = "iPhone Developer: Jak Tiano (A845JA3URG)";
				INFOPLIST_FILE = wwShootProto/Info.plist;
				LD_RUNPATH_SEARCH_PATHS = "$(inherited) @executable_path/Frameworks";
				PRODUCT_NAME = "$(TARGET_NAME)";
				PROVISIONING_PROFILE = "";
				SWIFT_OBJC_BRIDGING_HEADER = "wwShootProto/wwShootProto-Bridging-Header.h";
			};
			name = Debug;
		};
		21B5AF9519CF8D17004B00C9 /* Release */ = {
			isa = XCBuildConfiguration;
			buildSettings = {
				ASSETCATALOG_COMPILER_APPICON_NAME = AppIcon;
				CODE_SIGN_IDENTITY = "iPhone Developer: iMac Server (3SEV2ZNFFV)";
				"CODE_SIGN_IDENTITY[sdk=iphoneos*]" = "iPhone Developer: Jak Tiano (A845JA3URG)";
				INFOPLIST_FILE = wwShootProto/Info.plist;
				LD_RUNPATH_SEARCH_PATHS = "$(inherited) @executable_path/Frameworks";
				PRODUCT_NAME = "$(TARGET_NAME)";
				PROVISIONING_PROFILE = "";
				SWIFT_OBJC_BRIDGING_HEADER = "wwShootProto/wwShootProto-Bridging-Header.h";
			};
			name = Release;
		};
		21B5AF9719CF8D17004B00C9 /* Debug */ = {
			isa = XCBuildConfiguration;
			buildSettings = {
				BUNDLE_LOADER = "$(TEST_HOST)";
				FRAMEWORK_SEARCH_PATHS = (
					"$(SDKROOT)/Developer/Library/Frameworks",
					"$(inherited)",
				);
				GCC_PREPROCESSOR_DEFINITIONS = (
					"DEBUG=1",
					"$(inherited)",
				);
				INFOPLIST_FILE = wwShootProtoTests/Info.plist;
				LD_RUNPATH_SEARCH_PATHS = "$(inherited) @executable_path/Frameworks @loader_path/Frameworks";
				PRODUCT_NAME = "$(TARGET_NAME)";
				TEST_HOST = "$(BUILT_PRODUCTS_DIR)/wwShootProto.app/wwShootProto";
			};
			name = Debug;
		};
		21B5AF9819CF8D17004B00C9 /* Release */ = {
			isa = XCBuildConfiguration;
			buildSettings = {
				BUNDLE_LOADER = "$(TEST_HOST)";
				FRAMEWORK_SEARCH_PATHS = (
					"$(SDKROOT)/Developer/Library/Frameworks",
					"$(inherited)",
				);
				INFOPLIST_FILE = wwShootProtoTests/Info.plist;
				LD_RUNPATH_SEARCH_PATHS = "$(inherited) @executable_path/Frameworks @loader_path/Frameworks";
				PRODUCT_NAME = "$(TARGET_NAME)";
				TEST_HOST = "$(BUILT_PRODUCTS_DIR)/wwShootProto.app/wwShootProto";
			};
			name = Release;
		};
/* End XCBuildConfiguration section */

/* Begin XCConfigurationList section */
		21B5AF6B19CF8D17004B00C9 /* Build configuration list for PBXProject "wwShootProto" */ = {
			isa = XCConfigurationList;
			buildConfigurations = (
				21B5AF9119CF8D17004B00C9 /* Debug */,
				21B5AF9219CF8D17004B00C9 /* Release */,
			);
			defaultConfigurationIsVisible = 0;
			defaultConfigurationName = Release;
		};
		21B5AF9319CF8D17004B00C9 /* Build configuration list for PBXNativeTarget "wwShootProto" */ = {
			isa = XCConfigurationList;
			buildConfigurations = (
				21B5AF9419CF8D17004B00C9 /* Debug */,
				21B5AF9519CF8D17004B00C9 /* Release */,
			);
			defaultConfigurationIsVisible = 0;
			defaultConfigurationName = Release;
		};
		21B5AF9619CF8D17004B00C9 /* Build configuration list for PBXNativeTarget "wwShootProtoTests" */ = {
			isa = XCConfigurationList;
			buildConfigurations = (
				21B5AF9719CF8D17004B00C9 /* Debug */,
				21B5AF9819CF8D17004B00C9 /* Release */,
			);
			defaultConfigurationIsVisible = 0;
			defaultConfigurationName = Release;
		};
/* End XCConfigurationList section */
	};
	rootObject = 21B5AF6819CF8D17004B00C9 /* Project object */;
}
